// !$*UTF8*$!
{
	archiveVersion = 1;
	classes = {
	};
	objectVersion = 47;
	objects = {

/* Begin PBXAggregateTarget section */
		2CAB356709BE675400A9C0EC /* BuildAll */ = {
			isa = PBXAggregateTarget;
			buildConfigurationList = 2CAB357309BE67A600A9C0EC /* Build configuration list for PBXAggregateTarget "BuildAll" */;
			buildPhases = (
			);
			dependencies = (
				2CAB357109BE676500A9C0EC /* PBXTargetDependency */,
				2CAB356F09BE676300A9C0EC /* PBXTargetDependency */,
				2CAB356D09BE676100A9C0EC /* PBXTargetDependency */,
				2CAB356B09BE675F00A9C0EC /* PBXTargetDependency */,
				2C18EE131063066D00E7F55F /* PBXTargetDependency */,
			);
			name = BuildAll;
			productName = BuildAll;
		};
/* End PBXAggregateTarget section */

/* Begin PBXBuildFile section */
		2C073B011BF424180007551C /* DonationReminder.framework in CopyFiles */ = {isa = PBXBuildFile; fileRef = 2C99202F1BC65AC500336E70 /* DonationReminder.framework */; settings = {ATTRIBUTES = (CodeSignOnCopy, ); }; };
		2C18EE04106305C600E7F55F /* BundleIcon.icns in Resources */ = {isa = PBXBuildFile; fileRef = 2C18EE03106305C600E7F55F /* BundleIcon.icns */; };
		2C2D94081C313A0E005D8C3E /* ScriptingBridge.framework in Frameworks */ = {isa = PBXBuildFile; fileRef = 2C2D94071C313A0E005D8C3E /* ScriptingBridge.framework */; };
		2C2D94091C313A19005D8C3E /* ScriptingBridge.framework in Frameworks */ = {isa = PBXBuildFile; fileRef = 2C2D94071C313A0E005D8C3E /* ScriptingBridge.framework */; };
		2C2D940A1C313A3B005D8C3E /* ScriptingBridge.framework in Frameworks */ = {isa = PBXBuildFile; fileRef = 2C2D94071C313A0E005D8C3E /* ScriptingBridge.framework */; };
		2C2D940B1C313A4C005D8C3E /* ScriptingBridge.framework in Frameworks */ = {isa = PBXBuildFile; fileRef = 2C2D94071C313A0E005D8C3E /* ScriptingBridge.framework */; };
		2C2D940C1C313A62005D8C3E /* ScriptingBridge.framework in Frameworks */ = {isa = PBXBuildFile; fileRef = 2C2D94071C313A0E005D8C3E /* ScriptingBridge.framework */; };
		2C381B911CBBCEAC006416E3 /* MainMenu.xib in Resources */ = {isa = PBXBuildFile; fileRef = 2C381B8F1CBBCEAC006416E3 /* MainMenu.xib */; };
		2C381B9A1CBBD6E1006416E3 /* MainMenu.xib in Resources */ = {isa = PBXBuildFile; fileRef = 2C381B8F1CBBCEAC006416E3 /* MainMenu.xib */; };
		2C381B9B1CBBD6E1006416E3 /* MainMenu.xib in Resources */ = {isa = PBXBuildFile; fileRef = 2C381B8F1CBBCEAC006416E3 /* MainMenu.xib */; };
		2C381B9C1CBBD6E2006416E3 /* MainMenu.xib in Resources */ = {isa = PBXBuildFile; fileRef = 2C381B8F1CBBCEAC006416E3 /* MainMenu.xib */; };
		2C381B9D1CBBD6E2006416E3 /* MainMenu.xib in Resources */ = {isa = PBXBuildFile; fileRef = 2C381B8F1CBBCEAC006416E3 /* MainMenu.xib */; };
		2C5A1FBA10609F68000A8841 /* InfoPlist.strings in Resources */ = {isa = PBXBuildFile; fileRef = 2C9E85AB104E4D2700C5B158 /* InfoPlist.strings */; };
		2C5D93FB1054E2FC00B8479B /* ProgressWindow.xib in Resources */ = {isa = PBXBuildFile; fileRef = 2C5D93FA1054E2FC00B8479B /* ProgressWindow.xib */; };
		2C5D93FC1054E2FC00B8479B /* ProgressWindow.xib in Resources */ = {isa = PBXBuildFile; fileRef = 2C5D93FA1054E2FC00B8479B /* ProgressWindow.xib */; };
		2C5D93FD1054E2FC00B8479B /* ProgressWindow.xib in Resources */ = {isa = PBXBuildFile; fileRef = 2C5D93FA1054E2FC00B8479B /* ProgressWindow.xib */; };
		2C5D93FE1054E2FC00B8479B /* ProgressWindow.xib in Resources */ = {isa = PBXBuildFile; fileRef = 2C5D93FA1054E2FC00B8479B /* ProgressWindow.xib */; };
		2C5D93FF1054E2FC00B8479B /* ProgressWindow.xib in Resources */ = {isa = PBXBuildFile; fileRef = 2C5D93FA1054E2FC00B8479B /* ProgressWindow.xib */; };
		2C5FB17F1046109F006C3DC9 /* Carbon.framework in Frameworks */ = {isa = PBXBuildFile; fileRef = 2C5FB17E1046109F006C3DC9 /* Carbon.framework */; };
		2C5FB1801046109F006C3DC9 /* Carbon.framework in Frameworks */ = {isa = PBXBuildFile; fileRef = 2C5FB17E1046109F006C3DC9 /* Carbon.framework */; };
		2C5FB1811046109F006C3DC9 /* Carbon.framework in Frameworks */ = {isa = PBXBuildFile; fileRef = 2C5FB17E1046109F006C3DC9 /* Carbon.framework */; };
		2C5FB1821046109F006C3DC9 /* Carbon.framework in Frameworks */ = {isa = PBXBuildFile; fileRef = 2C5FB17E1046109F006C3DC9 /* Carbon.framework */; };
		2C5FB1B51046138D006C3DC9 /* FactorySettings.plist in Resources */ = {isa = PBXBuildFile; fileRef = 2C5FB1B41046138D006C3DC9 /* FactorySettings.plist */; };
		2C5FB1B7104613FE006C3DC9 /* FactorySettings.plist in Resources */ = {isa = PBXBuildFile; fileRef = 2C5FB1B41046138D006C3DC9 /* FactorySettings.plist */; };
		2C5FB1B8104613FF006C3DC9 /* FactorySettings.plist in Resources */ = {isa = PBXBuildFile; fileRef = 2C5FB1B41046138D006C3DC9 /* FactorySettings.plist */; };
		2C5FB1B910461400006C3DC9 /* FactorySettings.plist in Resources */ = {isa = PBXBuildFile; fileRef = 2C5FB1B41046138D006C3DC9 /* FactorySettings.plist */; };
		2C7F3BBC105E1A330041D337 /* FileProcessorCopyMoveAsync.m in Sources */ = {isa = PBXBuildFile; fileRef = 2CCF06E8105DEC9F001E9511 /* FileProcessorCopyMoveAsync.m */; };
		2C7F3EB8105E4FF40041D337 /* ParticularLocalizable.strings in Resources */ = {isa = PBXBuildFile; fileRef = 2C7F3EB7105E4FF40041D337 /* ParticularLocalizable.strings */; };
		2C7F3EC1105E50E60041D337 /* ParticularLocalizable.strings in Resources */ = {isa = PBXBuildFile; fileRef = 2C7F3EC0105E50E60041D337 /* ParticularLocalizable.strings */; };
		2C7F3EC5105E52470041D337 /* ParticularLocalizable.strings in Resources */ = {isa = PBXBuildFile; fileRef = 2C7F3EC4105E52470041D337 /* ParticularLocalizable.strings */; };
		2C9920321BC65B3F00336E70 /* DonationReminder.framework in Frameworks */ = {isa = PBXBuildFile; fileRef = 2C99202F1BC65AC500336E70 /* DonationReminder.framework */; };
		2C9920331BC65B4F00336E70 /* DonationReminder.framework in CopyFiles */ = {isa = PBXBuildFile; fileRef = 2C99202F1BC65AC500336E70 /* DonationReminder.framework */; settings = {ATTRIBUTES = (CodeSignOnCopy, ); }; };
		2C9920341BC65B5B00336E70 /* DonationReminder.framework in Frameworks */ = {isa = PBXBuildFile; fileRef = 2C99202F1BC65AC500336E70 /* DonationReminder.framework */; };
		2C9920351BC65B6100336E70 /* DonationReminder.framework in CopyFiles */ = {isa = PBXBuildFile; fileRef = 2C99202F1BC65AC500336E70 /* DonationReminder.framework */; settings = {ATTRIBUTES = (CodeSignOnCopy, ); }; };
		2C9920361BC65B6D00336E70 /* DonationReminder.framework in Frameworks */ = {isa = PBXBuildFile; fileRef = 2C99202F1BC65AC500336E70 /* DonationReminder.framework */; };
		2C9920371BC6600C00336E70 /* DonationReminder.framework in Frameworks */ = {isa = PBXBuildFile; fileRef = 2C99202F1BC65AC500336E70 /* DonationReminder.framework */; };
		2C9920381BC6600D00336E70 /* DonationReminder.framework in CopyFiles */ = {isa = PBXBuildFile; fileRef = 2C99202F1BC65AC500336E70 /* DonationReminder.framework */; settings = {ATTRIBUTES = (CodeSignOnCopy, ); }; };
		2C9920391BC6601500336E70 /* DonationReminder.framework in Frameworks */ = {isa = PBXBuildFile; fileRef = 2C99202F1BC65AC500336E70 /* DonationReminder.framework */; };
		2C99203A1BC6601700336E70 /* DonationReminder.framework in CopyFiles */ = {isa = PBXBuildFile; fileRef = 2C99202F1BC65AC500336E70 /* DonationReminder.framework */; settings = {ATTRIBUTES = (CodeSignOnCopy, ); }; };
		2C9E7E17104B892300C5B158 /* FileProcessor.m in Sources */ = {isa = PBXBuildFile; fileRef = 2C9E7E15104B892300C5B158 /* FileProcessor.m */; };
		2C9E7E32104B8A1100C5B158 /* ProgressWindowController.m in Sources */ = {isa = PBXBuildFile; fileRef = 2C9E7E30104B8A1100C5B158 /* ProgressWindowController.m */; };
		2C9E7E34104B8A1100C5B158 /* ProgressWindowController.m in Sources */ = {isa = PBXBuildFile; fileRef = 2C9E7E30104B8A1100C5B158 /* ProgressWindowController.m */; };
		2C9E7E36104B8A1100C5B158 /* ProgressWindowController.m in Sources */ = {isa = PBXBuildFile; fileRef = 2C9E7E30104B8A1100C5B158 /* ProgressWindowController.m */; };
		2C9E7E3A104B8A1100C5B158 /* ProgressWindowController.m in Sources */ = {isa = PBXBuildFile; fileRef = 2C9E7E30104B8A1100C5B158 /* ProgressWindowController.m */; };
		2C9E7E7A104B905200C5B158 /* ServicesMenu.strings in Resources */ = {isa = PBXBuildFile; fileRef = 2C9E7E78104B905200C5B158 /* ServicesMenu.strings */; };
		2C9E7E9D104BD85700C5B158 /* FinderController.applescript in Sources */ = {isa = PBXBuildFile; fileRef = 2C9E7E9C104BD85700C5B158 /* FinderController.applescript */; settings = {ATTRIBUTES = (); }; };
		2C9E7E9E104BD85700C5B158 /* FinderController.applescript in Sources */ = {isa = PBXBuildFile; fileRef = 2C9E7E9C104BD85700C5B158 /* FinderController.applescript */; settings = {ATTRIBUTES = (); }; };
		2C9E7E9F104BD85700C5B158 /* FinderController.applescript in Sources */ = {isa = PBXBuildFile; fileRef = 2C9E7E9C104BD85700C5B158 /* FinderController.applescript */; settings = {ATTRIBUTES = (); }; };
		2C9E7EA1104BD85700C5B158 /* FinderController.applescript in Sources */ = {isa = PBXBuildFile; fileRef = 2C9E7E9C104BD85700C5B158 /* FinderController.applescript */; settings = {ATTRIBUTES = (); }; };
		2C9E7EB2104BDCE000C5B158 /* OSAKit.framework in Frameworks */ = {isa = PBXBuildFile; fileRef = 2C9E7EB1104BDCE000C5B158 /* OSAKit.framework */; };
		2C9E7EB3104BDCE000C5B158 /* OSAKit.framework in Frameworks */ = {isa = PBXBuildFile; fileRef = 2C9E7EB1104BDCE000C5B158 /* OSAKit.framework */; };
		2C9E7EB4104BDCE000C5B158 /* OSAKit.framework in Frameworks */ = {isa = PBXBuildFile; fileRef = 2C9E7EB1104BDCE000C5B158 /* OSAKit.framework */; };
		2C9E7EB6104BDCE000C5B158 /* OSAKit.framework in Frameworks */ = {isa = PBXBuildFile; fileRef = 2C9E7EB1104BDCE000C5B158 /* OSAKit.framework */; };
		2C9E7FD5104CDF7000C5B158 /* FileProcessor.m in Sources */ = {isa = PBXBuildFile; fileRef = 2C9E7FD3104CDF7000C5B158 /* FileProcessor.m */; };
		2C9E7FF6104CEEEC00C5B158 /* FileProcessor.m in Sources */ = {isa = PBXBuildFile; fileRef = 2C9E7E10104B88F100C5B158 /* FileProcessor.m */; };
		2C9E81DD104D22FF00C5B158 /* ServicesMenu.strings in Resources */ = {isa = PBXBuildFile; fileRef = 2C9E81DC104D22FF00C5B158 /* ServicesMenu.strings */; };
		2C9E81E5104D23B100C5B158 /* ServicesMenu.strings in Resources */ = {isa = PBXBuildFile; fileRef = 2C9E81E4104D23B100C5B158 /* ServicesMenu.strings */; };
		2C9E83DB104D245C00C5B158 /* FileProcessor.m in Sources */ = {isa = PBXBuildFile; fileRef = 2C9E83D9104D245C00C5B158 /* FileProcessor.m */; };
		2C9E83E3104D2A3100C5B158 /* ServicesMenu.strings in Resources */ = {isa = PBXBuildFile; fileRef = 2C9E83E2104D2A3100C5B158 /* ServicesMenu.strings */; };
		2C9E85BE104E4DCF00C5B158 /* FinderController.applescript in Sources */ = {isa = PBXBuildFile; fileRef = 2C9E7E9C104BD85700C5B158 /* FinderController.applescript */; settings = {ATTRIBUTES = (); }; };
		2C9E85BF104E4DD800C5B158 /* FilesInPasteboard.m in Sources */ = {isa = PBXBuildFile; fileRef = 2CF73B7A09B870CD00EF8406 /* FilesInPasteboard.m */; };
		2C9E85C0104E4DDC00C5B158 /* AppController.m in Sources */ = {isa = PBXBuildFile; fileRef = 2CAB364C09BE6BE200A9C0EC /* AppController.m */; };
		2C9E85C1104E4DE000C5B158 /* ProgressWindow.m in Sources */ = {isa = PBXBuildFile; fileRef = 2CAB362F09BE6A3800A9C0EC /* ProgressWindow.m */; };
		2C9E85C2104E4DE500C5B158 /* ProgressWindowController.m in Sources */ = {isa = PBXBuildFile; fileRef = 2C9E7E30104B8A1100C5B158 /* ProgressWindowController.m */; };
		2C9E85C3104E4DEF00C5B158 /* FactorySettings.plist in Resources */ = {isa = PBXBuildFile; fileRef = 2C5FB1B41046138D006C3DC9 /* FactorySettings.plist */; };
		2C9E85C6104E4E0200C5B158 /* Localizable.strings in Resources */ = {isa = PBXBuildFile; fileRef = 2CF743E409B9FC6C00EF8406 /* Localizable.strings */; };
		2C9E85CE104E4E5600C5B158 /* main.m in Sources */ = {isa = PBXBuildFile; fileRef = 29B97316FDCFA39411CA2CEA /* main.m */; };
		2C9E85D1104E4F5000C5B158 /* Cocoa.framework in Frameworks */ = {isa = PBXBuildFile; fileRef = 1058C7A1FEA54F0111CA2CBB /* Cocoa.framework */; };
		2C9E85D3104E4F5000C5B158 /* Carbon.framework in Frameworks */ = {isa = PBXBuildFile; fileRef = 2C5FB17E1046109F006C3DC9 /* Carbon.framework */; };
		2C9E85D4104E4F5000C5B158 /* OSAKit.framework in Frameworks */ = {isa = PBXBuildFile; fileRef = 2C9E7EB1104BDCE000C5B158 /* OSAKit.framework */; };
		2C9E85DE104E509900C5B158 /* FileProcessor.m in Sources */ = {isa = PBXBuildFile; fileRef = 2C9E85B0104E4D2700C5B158 /* FileProcessor.m */; };
		2C9E8609104E784700C5B158 /* FileProcessorBase.m in Sources */ = {isa = PBXBuildFile; fileRef = 2C9E8608104E784700C5B158 /* FileProcessorBase.m */; };
		2C9E860C104E784700C5B158 /* FileProcessorBase.m in Sources */ = {isa = PBXBuildFile; fileRef = 2C9E8608104E784700C5B158 /* FileProcessorBase.m */; };
		2C9E860D104E784700C5B158 /* FileProcessorBase.m in Sources */ = {isa = PBXBuildFile; fileRef = 2C9E8608104E784700C5B158 /* FileProcessorBase.m */; };
		2C9E860E104E784700C5B158 /* FileProcessorBase.m in Sources */ = {isa = PBXBuildFile; fileRef = 2C9E8608104E784700C5B158 /* FileProcessorBase.m */; };
		2C9E860F104E784700C5B158 /* FileProcessorBase.m in Sources */ = {isa = PBXBuildFile; fileRef = 2C9E8608104E784700C5B158 /* FileProcessorBase.m */; };
		2CA4FDD8240DE99600B4EA9A /* GUIScriptingChecker.m in Sources */ = {isa = PBXBuildFile; fileRef = 2C2D94001C3125C2005D8C3E /* GUIScriptingChecker.m */; };
		2CA4FDD9240DE99700B4EA9A /* GUIScriptingChecker.m in Sources */ = {isa = PBXBuildFile; fileRef = 2C2D94001C3125C2005D8C3E /* GUIScriptingChecker.m */; };
		2CA4FDDA240DE99700B4EA9A /* GUIScriptingChecker.m in Sources */ = {isa = PBXBuildFile; fileRef = 2C2D94001C3125C2005D8C3E /* GUIScriptingChecker.m */; };
		2CA4FDDB240DE99800B4EA9A /* GUIScriptingChecker.m in Sources */ = {isa = PBXBuildFile; fileRef = 2C2D94001C3125C2005D8C3E /* GUIScriptingChecker.m */; };
		2CA4FDDC240DE99800B4EA9A /* GUIScriptingChecker.m in Sources */ = {isa = PBXBuildFile; fileRef = 2C2D94001C3125C2005D8C3E /* GUIScriptingChecker.m */; };
		2CA4FDE0240DEB7700B4EA9A /* GUIScriptingChecker_Localizable.strings in Resources */ = {isa = PBXBuildFile; fileRef = 2CA4FDDD240DEB7700B4EA9A /* GUIScriptingChecker_Localizable.strings */; };
		2CA4FDE1240DEB7700B4EA9A /* GUIScriptingChecker_Localizable.strings in Resources */ = {isa = PBXBuildFile; fileRef = 2CA4FDDD240DEB7700B4EA9A /* GUIScriptingChecker_Localizable.strings */; };
		2CA4FDE2240DEB7700B4EA9A /* GUIScriptingChecker_Localizable.strings in Resources */ = {isa = PBXBuildFile; fileRef = 2CA4FDDD240DEB7700B4EA9A /* GUIScriptingChecker_Localizable.strings */; };
		2CA4FDE3240DEB7700B4EA9A /* GUIScriptingChecker_Localizable.strings in Resources */ = {isa = PBXBuildFile; fileRef = 2CA4FDDD240DEB7700B4EA9A /* GUIScriptingChecker_Localizable.strings */; };
		2CA4FDE4240DEB7700B4EA9A /* GUIScriptingChecker_Localizable.strings in Resources */ = {isa = PBXBuildFile; fileRef = 2CA4FDDD240DEB7700B4EA9A /* GUIScriptingChecker_Localizable.strings */; };
		2CAAE1860E4C4104002A8807 /* BundleIcon.icns in Resources */ = {isa = PBXBuildFile; fileRef = 2CAAE1850E4C4103002A8807 /* BundleIcon.icns */; };
		2CAAE2000E4C4216002A8807 /* BundleIcon.icns in Resources */ = {isa = PBXBuildFile; fileRef = 2CAAE1FF0E4C4216002A8807 /* BundleIcon.icns */; };
		2CAAE2040E4C4246002A8807 /* BundleIcon.icns in Resources */ = {isa = PBXBuildFile; fileRef = 2CAAE2030E4C4246002A8807 /* BundleIcon.icns */; };
		2CAAE20C0E4C42A4002A8807 /* BundleIcon.icns in Resources */ = {isa = PBXBuildFile; fileRef = 2CAAE20B0E4C42A4002A8807 /* BundleIcon.icns */; };
		2CAB363109BE6A3800A9C0EC /* ProgressWindow.m in Sources */ = {isa = PBXBuildFile; fileRef = 2CAB362F09BE6A3800A9C0EC /* ProgressWindow.m */; };
		2CAB363309BE6A3800A9C0EC /* ProgressWindow.m in Sources */ = {isa = PBXBuildFile; fileRef = 2CAB362F09BE6A3800A9C0EC /* ProgressWindow.m */; };
		2CAB363509BE6A3800A9C0EC /* ProgressWindow.m in Sources */ = {isa = PBXBuildFile; fileRef = 2CAB362F09BE6A3800A9C0EC /* ProgressWindow.m */; };
		2CAB363709BE6A3800A9C0EC /* ProgressWindow.m in Sources */ = {isa = PBXBuildFile; fileRef = 2CAB362F09BE6A3800A9C0EC /* ProgressWindow.m */; };
		2CAB364E09BE6BE200A9C0EC /* AppController.m in Sources */ = {isa = PBXBuildFile; fileRef = 2CAB364C09BE6BE200A9C0EC /* AppController.m */; };
		2CAB38AA09BEB8CC00A9C0EC /* AppController.m in Sources */ = {isa = PBXBuildFile; fileRef = 2CAB364C09BE6BE200A9C0EC /* AppController.m */; };
		2CAB38AB09BEB8CC00A9C0EC /* AppController.m in Sources */ = {isa = PBXBuildFile; fileRef = 2CAB364C09BE6BE200A9C0EC /* AppController.m */; };
		2CAB38AC09BEB8CD00A9C0EC /* AppController.m in Sources */ = {isa = PBXBuildFile; fileRef = 2CAB364C09BE6BE200A9C0EC /* AppController.m */; };
		2CCF0658105AC388001E9511 /* ParticularLocalizable.strings in Resources */ = {isa = PBXBuildFile; fileRef = 2CCF0657105AC388001E9511 /* ParticularLocalizable.strings */; };
		2CCF0673105AC66D001E9511 /* ParticularLocalizable.strings in Resources */ = {isa = PBXBuildFile; fileRef = 2CCF0672105AC66D001E9511 /* ParticularLocalizable.strings */; };
		2CCF06EA105DEC9F001E9511 /* FileProcessorCopyMoveAsync.m in Sources */ = {isa = PBXBuildFile; fileRef = 2CCF06E8105DEC9F001E9511 /* FileProcessorCopyMoveAsync.m */; };
		2CDE876B106C54C1000AC7FA /* ServicesMenu.strings in Resources */ = {isa = PBXBuildFile; fileRef = 2C9E85AD104E4D2700C5B158 /* ServicesMenu.strings */; };
		2CDEC1AE1BC5104700FA77AF /* NSRunningApplication+SmartActivate.m in Sources */ = {isa = PBXBuildFile; fileRef = 2CDEC1AD1BC5104700FA77AF /* NSRunningApplication+SmartActivate.m */; };
		2CDEC1AF1BC5104700FA77AF /* NSRunningApplication+SmartActivate.m in Sources */ = {isa = PBXBuildFile; fileRef = 2CDEC1AD1BC5104700FA77AF /* NSRunningApplication+SmartActivate.m */; };
		2CDEC1B01BC5104700FA77AF /* NSRunningApplication+SmartActivate.m in Sources */ = {isa = PBXBuildFile; fileRef = 2CDEC1AD1BC5104700FA77AF /* NSRunningApplication+SmartActivate.m */; };
		2CDEC1B11BC5104700FA77AF /* NSRunningApplication+SmartActivate.m in Sources */ = {isa = PBXBuildFile; fileRef = 2CDEC1AD1BC5104700FA77AF /* NSRunningApplication+SmartActivate.m */; };
		2CDEC1B21BC5104700FA77AF /* NSRunningApplication+SmartActivate.m in Sources */ = {isa = PBXBuildFile; fileRef = 2CDEC1AD1BC5104700FA77AF /* NSRunningApplication+SmartActivate.m */; };
		2CDEC1B71BC5138100FA77AF /* PathExtra.m in Sources */ = {isa = PBXBuildFile; fileRef = 2CDEC1B61BC5138100FA77AF /* PathExtra.m */; };
		2CDEC1B81BC5138100FA77AF /* PathExtra.m in Sources */ = {isa = PBXBuildFile; fileRef = 2CDEC1B61BC5138100FA77AF /* PathExtra.m */; };
		2CDEC1B91BC5138100FA77AF /* PathExtra.m in Sources */ = {isa = PBXBuildFile; fileRef = 2CDEC1B61BC5138100FA77AF /* PathExtra.m */; };
		2CDEC1BA1BC5138100FA77AF /* PathExtra.m in Sources */ = {isa = PBXBuildFile; fileRef = 2CDEC1B61BC5138100FA77AF /* PathExtra.m */; };
		2CDEC1BB1BC5138100FA77AF /* PathExtra.m in Sources */ = {isa = PBXBuildFile; fileRef = 2CDEC1B61BC5138100FA77AF /* PathExtra.m */; };
		2CDEC1C41BC513D000FA77AF /* FrontAppMonitor.m in Sources */ = {isa = PBXBuildFile; fileRef = 2CDEC1BF1BC513D000FA77AF /* FrontAppMonitor.m */; };
		2CDEC1C51BC513D000FA77AF /* FrontAppMonitor.m in Sources */ = {isa = PBXBuildFile; fileRef = 2CDEC1BF1BC513D000FA77AF /* FrontAppMonitor.m */; };
		2CDEC1C61BC513D000FA77AF /* FrontAppMonitor.m in Sources */ = {isa = PBXBuildFile; fileRef = 2CDEC1BF1BC513D000FA77AF /* FrontAppMonitor.m */; };
		2CDEC1C71BC513D000FA77AF /* FrontAppMonitor.m in Sources */ = {isa = PBXBuildFile; fileRef = 2CDEC1BF1BC513D000FA77AF /* FrontAppMonitor.m */; };
		2CDEC1C81BC513D000FA77AF /* FrontAppMonitor.m in Sources */ = {isa = PBXBuildFile; fileRef = 2CDEC1BF1BC513D000FA77AF /* FrontAppMonitor.m */; };
		2CDEC1CA1BC513D000FA77AF /* PaletteWindowController.m in Sources */ = {isa = PBXBuildFile; fileRef = 2CDEC1C11BC513D000FA77AF /* PaletteWindowController.m */; };
		2CDEC1CB1BC513D000FA77AF /* PaletteWindowController.m in Sources */ = {isa = PBXBuildFile; fileRef = 2CDEC1C11BC513D000FA77AF /* PaletteWindowController.m */; };
		2CDEC1CC1BC513D000FA77AF /* PaletteWindowController.m in Sources */ = {isa = PBXBuildFile; fileRef = 2CDEC1C11BC513D000FA77AF /* PaletteWindowController.m */; };
		2CDEC1CD1BC513D000FA77AF /* PaletteWindowController.m in Sources */ = {isa = PBXBuildFile; fileRef = 2CDEC1C11BC513D000FA77AF /* PaletteWindowController.m */; };
		2CDEC1CE1BC513D000FA77AF /* PaletteWindowController.m in Sources */ = {isa = PBXBuildFile; fileRef = 2CDEC1C11BC513D000FA77AF /* PaletteWindowController.m */; };
		2CDEC1D01BC513D000FA77AF /* WindowVisibilityController.m in Sources */ = {isa = PBXBuildFile; fileRef = 2CDEC1C31BC513D000FA77AF /* WindowVisibilityController.m */; };
		2CDEC1D11BC513D000FA77AF /* WindowVisibilityController.m in Sources */ = {isa = PBXBuildFile; fileRef = 2CDEC1C31BC513D000FA77AF /* WindowVisibilityController.m */; };
		2CDEC1D21BC513D000FA77AF /* WindowVisibilityController.m in Sources */ = {isa = PBXBuildFile; fileRef = 2CDEC1C31BC513D000FA77AF /* WindowVisibilityController.m */; };
		2CDEC1D31BC513D000FA77AF /* WindowVisibilityController.m in Sources */ = {isa = PBXBuildFile; fileRef = 2CDEC1C31BC513D000FA77AF /* WindowVisibilityController.m */; };
		2CDEC1D41BC513D000FA77AF /* WindowVisibilityController.m in Sources */ = {isa = PBXBuildFile; fileRef = 2CDEC1C31BC513D000FA77AF /* WindowVisibilityController.m */; };
		2CF73B5F09B86F0900EF8406 /* Cocoa.framework in Frameworks */ = {isa = PBXBuildFile; fileRef = 1058C7A1FEA54F0111CA2CBB /* Cocoa.framework */; };
		2CF73C4309B8737000EF8406 /* main.m in Sources */ = {isa = PBXBuildFile; fileRef = 29B97316FDCFA39411CA2CEA /* main.m */; };
		2CF73C4909B8737A00EF8406 /* FilesInPasteboard.m in Sources */ = {isa = PBXBuildFile; fileRef = 2CF73B7A09B870CD00EF8406 /* FilesInPasteboard.m */; };
		2CF73DF409B895AD00EF8406 /* Cocoa.framework in Frameworks */ = {isa = PBXBuildFile; fileRef = 1058C7A1FEA54F0111CA2CBB /* Cocoa.framework */; };
		2CF73DF609B895B400EF8406 /* FilesInPasteboard.m in Sources */ = {isa = PBXBuildFile; fileRef = 2CF73B7A09B870CD00EF8406 /* FilesInPasteboard.m */; };
		2CF73DF709B895B400EF8406 /* main.m in Sources */ = {isa = PBXBuildFile; fileRef = 29B97316FDCFA39411CA2CEA /* main.m */; };
		2CF73E2609B8971D00EF8406 /* FilesInPasteboard.m in Sources */ = {isa = PBXBuildFile; fileRef = 2CF73B7A09B870CD00EF8406 /* FilesInPasteboard.m */; };
		2CF73E2709B8971D00EF8406 /* main.m in Sources */ = {isa = PBXBuildFile; fileRef = 29B97316FDCFA39411CA2CEA /* main.m */; };
		2CF73E2909B8971D00EF8406 /* Cocoa.framework in Frameworks */ = {isa = PBXBuildFile; fileRef = 1058C7A1FEA54F0111CA2CBB /* Cocoa.framework */; };
		2CF73E8409B8997400EF8406 /* FilesInPasteboard.m in Sources */ = {isa = PBXBuildFile; fileRef = 2CF73B7A09B870CD00EF8406 /* FilesInPasteboard.m */; };
		2CF73E8509B8997400EF8406 /* main.m in Sources */ = {isa = PBXBuildFile; fileRef = 29B97316FDCFA39411CA2CEA /* main.m */; };
		2CF73E8709B8997400EF8406 /* Cocoa.framework in Frameworks */ = {isa = PBXBuildFile; fileRef = 1058C7A1FEA54F0111CA2CBB /* Cocoa.framework */; };
		2CF740BD09B9CB0700EF8406 /* InfoPlist.strings in Resources */ = {isa = PBXBuildFile; fileRef = 2CF740BC09B9CB0700EF8406 /* InfoPlist.strings */; };
		2CF7418309B9EA7900EF8406 /* InfoPlist.strings in Resources */ = {isa = PBXBuildFile; fileRef = 2CF7418209B9EA7400EF8406 /* InfoPlist.strings */; };
		2CF7419009B9EC1F00EF8406 /* InfoPlist.strings in Resources */ = {isa = PBXBuildFile; fileRef = 2CF7418D09B9EBF200EF8406 /* InfoPlist.strings */; };
		2CF7419409B9EC4500EF8406 /* InfoPlist.strings in Resources */ = {isa = PBXBuildFile; fileRef = 2CF7419309B9EC4500EF8406 /* InfoPlist.strings */; };
		2CF743E509B9FC6C00EF8406 /* Localizable.strings in Resources */ = {isa = PBXBuildFile; fileRef = 2CF743E409B9FC6C00EF8406 /* Localizable.strings */; };
		2CF743E609B9FC6C00EF8406 /* Localizable.strings in Resources */ = {isa = PBXBuildFile; fileRef = 2CF743E409B9FC6C00EF8406 /* Localizable.strings */; };
		2CF743E709B9FC6C00EF8406 /* Localizable.strings in Resources */ = {isa = PBXBuildFile; fileRef = 2CF743E409B9FC6C00EF8406 /* Localizable.strings */; };
		2CF743E809B9FC6C00EF8406 /* Localizable.strings in Resources */ = {isa = PBXBuildFile; fileRef = 2CF743E409B9FC6C00EF8406 /* Localizable.strings */; };
/* End PBXBuildFile section */

/* Begin PBXContainerItemProxy section */
		2C18EE121063066D00E7F55F /* PBXContainerItemProxy */ = {
			isa = PBXContainerItemProxy;
			containerPortal = 29B97313FDCFA39411CA2CEA /* Project object */;
			proxyType = 1;
			remoteGlobalIDString = 2C9E85B6104E4D8D00C5B158;
			remoteInfo = "Make Hard Link to Here";
		};
		2C99202E1BC65AC500336E70 /* PBXContainerItemProxy */ = {
			isa = PBXContainerItemProxy;
			containerPortal = 2C99202A1BC65AC400336E70 /* DonationReminder.xcodeproj */;
			proxyType = 2;
			remoteGlobalIDString = 2C4A363E19E61FC40031E521;
			remoteInfo = DonationReminder;
		};
		2C9920301BC65B0300336E70 /* PBXContainerItemProxy */ = {
			isa = PBXContainerItemProxy;
			containerPortal = 2C99202A1BC65AC400336E70 /* DonationReminder.xcodeproj */;
			proxyType = 1;
			remoteGlobalIDString = 2C4A363119E61FC40031E521;
			remoteInfo = DonationReminder;
		};
		2CAB356A09BE675F00A9C0EC /* PBXContainerItemProxy */ = {
			isa = PBXContainerItemProxy;
			containerPortal = 29B97313FDCFA39411CA2CEA /* Project object */;
			proxyType = 1;
			remoteGlobalIDString = 2CF73DBC09B88D4C00EF8406;
			remoteInfo = "Move to Here";
		};
		2CAB356C09BE676100A9C0EC /* PBXContainerItemProxy */ = {
			isa = PBXContainerItemProxy;
			containerPortal = 29B97313FDCFA39411CA2CEA /* Project object */;
			proxyType = 1;
			remoteGlobalIDString = 2CF73E7B09B8997400EF8406;
			remoteInfo = "Make Symbolic Link to Here";
		};
		2CAB356E09BE676300A9C0EC /* PBXContainerItemProxy */ = {
			isa = PBXContainerItemProxy;
			containerPortal = 29B97313FDCFA39411CA2CEA /* Project object */;
			proxyType = 1;
			remoteGlobalIDString = 2CF73B5509B86EB100EF8406;
			remoteInfo = "Make Alias File to Here";
		};
		2CAB357009BE676500A9C0EC /* PBXContainerItemProxy */ = {
			isa = PBXContainerItemProxy;
			containerPortal = 29B97313FDCFA39411CA2CEA /* Project object */;
			proxyType = 1;
			remoteGlobalIDString = 2CF73E1E09B8971D00EF8406;
			remoteInfo = "Copy to Here";
		};
/* End PBXContainerItemProxy section */

/* Begin PBXCopyFilesBuildPhase section */
		2CCF03FC105AAB78001E9511 /* CopyFiles */ = {
			isa = PBXCopyFilesBuildPhase;
			buildActionMask = 2147483647;
			dstPath = "";
			dstSubfolderSpec = 10;
			files = (
				2C9920331BC65B4F00336E70 /* DonationReminder.framework in CopyFiles */,
			);
			runOnlyForDeploymentPostprocessing = 0;
		};
		2CCF03FD105AAB78001E9511 /* CopyFiles */ = {
			isa = PBXCopyFilesBuildPhase;
			buildActionMask = 2147483647;
			dstPath = "";
			dstSubfolderSpec = 10;
			files = (
				2C9920381BC6600D00336E70 /* DonationReminder.framework in CopyFiles */,
			);
			runOnlyForDeploymentPostprocessing = 0;
		};
		2CCF03FE105AAB78001E9511 /* CopyFiles */ = {
			isa = PBXCopyFilesBuildPhase;
			buildActionMask = 2147483647;
			dstPath = "";
			dstSubfolderSpec = 10;
			files = (
				2C073B011BF424180007551C /* DonationReminder.framework in CopyFiles */,
			);
			runOnlyForDeploymentPostprocessing = 0;
		};
		2CCF03FF105AAB78001E9511 /* CopyFiles */ = {
			isa = PBXCopyFilesBuildPhase;
			buildActionMask = 2147483647;
			dstPath = "";
			dstSubfolderSpec = 10;
			files = (
				2C9920351BC65B6100336E70 /* DonationReminder.framework in CopyFiles */,
			);
			runOnlyForDeploymentPostprocessing = 0;
		};
		2CCF041F105AAC53001E9511 /* CopyFiles */ = {
			isa = PBXCopyFilesBuildPhase;
			buildActionMask = 2147483647;
			dstPath = "";
			dstSubfolderSpec = 10;
			files = (
				2C99203A1BC6601700336E70 /* DonationReminder.framework in CopyFiles */,
			);
			runOnlyForDeploymentPostprocessing = 0;
		};
/* End PBXCopyFilesBuildPhase section */

/* Begin PBXFileReference section */
		1058C7A1FEA54F0111CA2CBB /* Cocoa.framework */ = {isa = PBXFileReference; lastKnownFileType = wrapper.framework; name = Cocoa.framework; path = /System/Library/Frameworks/Cocoa.framework; sourceTree = "<absolute>"; };
		29B97316FDCFA39411CA2CEA /* main.m */ = {isa = PBXFileReference; fileEncoding = 30; lastKnownFileType = sourcecode.c.objc; path = main.m; sourceTree = "<group>"; };
		29B97324FDCFA39411CA2CEA /* AppKit.framework */ = {isa = PBXFileReference; lastKnownFileType = wrapper.framework; name = AppKit.framework; path = /System/Library/Frameworks/AppKit.framework; sourceTree = "<absolute>"; };
		29B97325FDCFA39411CA2CEA /* Foundation.framework */ = {isa = PBXFileReference; lastKnownFileType = wrapper.framework; name = Foundation.framework; path = /System/Library/Frameworks/Foundation.framework; sourceTree = "<absolute>"; };
		2C18EE03106305C600E7F55F /* BundleIcon.icns */ = {isa = PBXFileReference; lastKnownFileType = image.icns; path = BundleIcon.icns; sourceTree = "<group>"; };
		2C2D93FF1C3125C2005D8C3E /* GUIScriptingChecker.h */ = {isa = PBXFileReference; fileEncoding = 4; lastKnownFileType = sourcecode.c.h; name = GUIScriptingChecker.h; path = GUIScriptingChecker/GUIScriptingChecker.h; sourceTree = "<group>"; };
		2C2D94001C3125C2005D8C3E /* GUIScriptingChecker.m */ = {isa = PBXFileReference; fileEncoding = 4; lastKnownFileType = sourcecode.c.objc; name = GUIScriptingChecker.m; path = GUIScriptingChecker/GUIScriptingChecker.m; sourceTree = "<group>"; };
		2C2D94071C313A0E005D8C3E /* ScriptingBridge.framework */ = {isa = PBXFileReference; lastKnownFileType = wrapper.framework; name = ScriptingBridge.framework; path = System/Library/Frameworks/ScriptingBridge.framework; sourceTree = SDKROOT; };
		2C2D940D1C313E3C005D8C3E /* SystemEvents.h */ = {isa = PBXFileReference; fileEncoding = 4; lastKnownFileType = sourcecode.c.h; name = SystemEvents.h; path = GUIScriptingChecker/SystemEvents.h; sourceTree = "<group>"; };
		2C2D940F1C3171B4005D8C3E /* SystemPreferences.h */ = {isa = PBXFileReference; lastKnownFileType = sourcecode.c.h; name = SystemPreferences.h; path = GUIScriptingChecker/SystemPreferences.h; sourceTree = "<group>"; };
		2C381B8C1CBBCD24006416E3 /* Base */ = {isa = PBXFileReference; lastKnownFileType = file.xib; name = Base; path = Base.lproj/ProgressWindow.xib; sourceTree = "<group>"; };
		2C381B901CBBCEAC006416E3 /* Base */ = {isa = PBXFileReference; lastKnownFileType = file.xib; name = Base; path = Base.lproj/MainMenu.xib; sourceTree = "<group>"; };
		2C381BA21CBBD7C7006416E3 /* Base */ = {isa = PBXFileReference; fileEncoding = 10; lastKnownFileType = text.plist.strings; name = Base; path = Base.lproj/Localizable.strings; sourceTree = "<group>"; };
		2C381BA81CBBDA59006416E3 /* Base */ = {isa = PBXFileReference; fileEncoding = 10; lastKnownFileType = text.plist.strings; name = Base; path = Base.lproj/ServicesMenu.strings; sourceTree = "<group>"; };
		2C381BA91CBBDA70006416E3 /* Base */ = {isa = PBXFileReference; fileEncoding = 10; lastKnownFileType = text.plist.strings; name = Base; path = Base.lproj/InfoPlist.strings; sourceTree = "<group>"; };
		2C381BAA1CBBDA8C006416E3 /* Base */ = {isa = PBXFileReference; fileEncoding = 10; lastKnownFileType = text.plist.strings; name = Base; path = Base.lproj/ParticularLocalizable.strings; sourceTree = "<group>"; };
		2C381BAE1CBBDB0C006416E3 /* Base */ = {isa = PBXFileReference; fileEncoding = 10; lastKnownFileType = text.plist.strings; name = Base; path = Base.lproj/InfoPlist.strings; sourceTree = "<group>"; };
		2C381BAF1CBBDB25006416E3 /* Base */ = {isa = PBXFileReference; fileEncoding = 10; lastKnownFileType = text.plist.strings; name = Base; path = Base.lproj/ServicesMenu.strings; sourceTree = "<group>"; };
		2C381BB01CBBDB33006416E3 /* Base */ = {isa = PBXFileReference; fileEncoding = 10; lastKnownFileType = text.plist.strings; name = Base; path = Base.lproj/ParticularLocalizable.strings; sourceTree = "<group>"; };
		2C381BB41CBBDB6A006416E3 /* Base */ = {isa = PBXFileReference; fileEncoding = 10; lastKnownFileType = text.plist.strings; name = Base; path = Base.lproj/InfoPlist.strings; sourceTree = "<group>"; };
		2C381BB51CBBDB73006416E3 /* Base */ = {isa = PBXFileReference; fileEncoding = 10; lastKnownFileType = text.plist.strings; name = Base; path = Base.lproj/ServicesMenu.strings; sourceTree = "<group>"; };
		2C381BB61CBBDB84006416E3 /* Base */ = {isa = PBXFileReference; fileEncoding = 10; lastKnownFileType = text.plist.strings; name = Base; path = Base.lproj/ParticularLocalizable.strings; sourceTree = "<group>"; };
		2C381BBA1CBBDBCC006416E3 /* Base */ = {isa = PBXFileReference; fileEncoding = 10; lastKnownFileType = text.plist.strings; name = Base; path = Base.lproj/InfoPlist.strings; sourceTree = "<group>"; };
		2C381BBB1CBBDBD9006416E3 /* Base */ = {isa = PBXFileReference; fileEncoding = 10; lastKnownFileType = text.plist.strings; name = Base; path = Base.lproj/ServicesMenu.strings; sourceTree = "<group>"; };
		2C381BBC1CBBDBF2006416E3 /* Base */ = {isa = PBXFileReference; fileEncoding = 10; lastKnownFileType = text.plist.strings; name = Base; path = Base.lproj/ParticularLocalizable.strings; sourceTree = "<group>"; };
		2C381BC01CBBDC22006416E3 /* Base */ = {isa = PBXFileReference; fileEncoding = 10; lastKnownFileType = text.plist.strings; name = Base; path = Base.lproj/InfoPlist.strings; sourceTree = "<group>"; };
		2C381BC11CBBDC31006416E3 /* Base */ = {isa = PBXFileReference; fileEncoding = 10; lastKnownFileType = text.plist.strings; name = Base; path = Base.lproj/ServicesMenu.strings; sourceTree = "<group>"; };
		2C381BC21CBBDC3A006416E3 /* Base */ = {isa = PBXFileReference; fileEncoding = 10; lastKnownFileType = text.plist.strings; name = Base; path = Base.lproj/ParticularLocalizable.strings; sourceTree = "<group>"; };
		2C48998F0DE43333001A564D /* History.rd */ = {isa = PBXFileReference; fileEncoding = 4; lastKnownFileType = text; lineEnding = 0; name = History.rd; path = ../../History.rd; sourceTree = SOURCE_ROOT; };
		2C5FB17E1046109F006C3DC9 /* Carbon.framework */ = {isa = PBXFileReference; lastKnownFileType = wrapper.framework; name = Carbon.framework; path = /System/Library/Frameworks/Carbon.framework; sourceTree = "<absolute>"; };
		2C5FB1B41046138D006C3DC9 /* FactorySettings.plist */ = {isa = PBXFileReference; fileEncoding = 4; lastKnownFileType = text.plist.xml; path = FactorySettings.plist; sourceTree = "<group>"; };
		2C7F3BAF105E19650041D337 /* FileProcessor.h */ = {isa = PBXFileReference; fileEncoding = 4; lastKnownFileType = sourcecode.c.h; lineEnding = 0; path = FileProcessor.h; sourceTree = "<group>"; };
		2C7F3C0C105E20910041D337 /* FileProcessor.h */ = {isa = PBXFileReference; fileEncoding = 4; lastKnownFileType = sourcecode.c.h; path = FileProcessor.h; sourceTree = "<group>"; };
		2C7F3EA1105E4CB90041D337 /* FileProcessor.h */ = {isa = PBXFileReference; fileEncoding = 4; lastKnownFileType = sourcecode.c.h; path = FileProcessor.h; sourceTree = "<group>"; };
		2C7F3EAD105E4EC30041D337 /* FileProcessor.h */ = {isa = PBXFileReference; fileEncoding = 4; lastKnownFileType = sourcecode.c.h; path = FileProcessor.h; sourceTree = "<group>"; };
		2C7F3ECD105E53510041D337 /* FileProcessor.h */ = {isa = PBXFileReference; fileEncoding = 4; lastKnownFileType = sourcecode.c.h; path = FileProcessor.h; sourceTree = "<group>"; };
		2C99202A1BC65AC400336E70 /* DonationReminder.xcodeproj */ = {isa = PBXFileReference; lastKnownFileType = "wrapper.pb-project"; name = DonationReminder.xcodeproj; path = DonationReminder/DonationReminder.xcodeproj; sourceTree = "<group>"; };
		2C9BB10F241CD81400323F19 /* README.md */ = {isa = PBXFileReference; lastKnownFileType = net.daringfireball.markdown; path = README.md; sourceTree = "<group>"; };
		2C9E7E10104B88F100C5B158 /* FileProcessor.m */ = {isa = PBXFileReference; fileEncoding = 4; lastKnownFileType = sourcecode.c.objc; path = FileProcessor.m; sourceTree = "<group>"; };
		2C9E7E15104B892300C5B158 /* FileProcessor.m */ = {isa = PBXFileReference; fileEncoding = 4; lastKnownFileType = sourcecode.c.objc; path = FileProcessor.m; sourceTree = "<group>"; };
		2C9E7E2F104B8A1100C5B158 /* ProgressWindowController.h */ = {isa = PBXFileReference; fileEncoding = 4; lastKnownFileType = sourcecode.c.h; path = ProgressWindowController.h; sourceTree = "<group>"; };
		2C9E7E30104B8A1100C5B158 /* ProgressWindowController.m */ = {isa = PBXFileReference; fileEncoding = 4; lastKnownFileType = sourcecode.c.objc; path = ProgressWindowController.m; sourceTree = "<group>"; };
		2C9E7E9C104BD85700C5B158 /* FinderController.applescript */ = {isa = PBXFileReference; fileEncoding = 4; lastKnownFileType = sourcecode.applescript; path = FinderController.applescript; sourceTree = "<group>"; };
		2C9E7EB1104BDCE000C5B158 /* OSAKit.framework */ = {isa = PBXFileReference; lastKnownFileType = wrapper.framework; name = OSAKit.framework; path = /System/Library/Frameworks/OSAKit.framework; sourceTree = "<absolute>"; };
		2C9E7FD3104CDF7000C5B158 /* FileProcessor.m */ = {isa = PBXFileReference; fileEncoding = 4; lastKnownFileType = sourcecode.c.objc; path = FileProcessor.m; sourceTree = "<group>"; };
		2C9E83D9104D245C00C5B158 /* FileProcessor.m */ = {isa = PBXFileReference; fileEncoding = 4; lastKnownFileType = sourcecode.c.objc; path = FileProcessor.m; sourceTree = "<group>"; };
		2C9E85B0104E4D2700C5B158 /* FileProcessor.m */ = {isa = PBXFileReference; fileEncoding = 4; lastKnownFileType = sourcecode.c.objc; path = FileProcessor.m; sourceTree = "<group>"; };
		2C9E85B7104E4D8D00C5B158 /* Make Hard Link to Here.app */ = {isa = PBXFileReference; explicitFileType = wrapper.application; includeInIndex = 0; path = "Make Hard Link to Here.app"; sourceTree = BUILT_PRODUCTS_DIR; };
		2C9E8608104E784700C5B158 /* FileProcessorBase.m */ = {isa = PBXFileReference; fileEncoding = 4; lastKnownFileType = sourcecode.c.objc; path = FileProcessorBase.m; sourceTree = "<group>"; };
		2C9E8610104E788A00C5B158 /* FileProcessorBase.h */ = {isa = PBXFileReference; fileEncoding = 4; lastKnownFileType = sourcecode.c.h; path = FileProcessorBase.h; sourceTree = "<group>"; };
		2CA4FDCF240DD48E00B4EA9A /* Copy to Here.entitlements */ = {isa = PBXFileReference; lastKnownFileType = text.plist.entitlements; path = "Copy to Here.entitlements"; sourceTree = "<group>"; };
		2CA4FDD0240DD49000B4EA9A /* Move to Here.entitlements */ = {isa = PBXFileReference; lastKnownFileType = text.plist.entitlements; path = "Move to Here.entitlements"; sourceTree = "<group>"; };
		2CA4FDD1240DD49300B4EA9A /* Make Symbolic Link to Here.entitlements */ = {isa = PBXFileReference; lastKnownFileType = text.plist.entitlements; path = "Make Symbolic Link to Here.entitlements"; sourceTree = "<group>"; };
		2CA4FDD2240DD49400B4EA9A /* Make Alias File to Here.entitlements */ = {isa = PBXFileReference; lastKnownFileType = text.plist.entitlements; path = "Make Alias File to Here.entitlements"; sourceTree = "<group>"; };
		2CA4FDD3240DD49600B4EA9A /* Make Hard Link to Here.entitlements */ = {isa = PBXFileReference; lastKnownFileType = text.plist.entitlements; path = "Make Hard Link to Here.entitlements"; sourceTree = "<group>"; };
		2CA4FDDE240DEB7700B4EA9A /* en */ = {isa = PBXFileReference; lastKnownFileType = text.plist.strings; name = en; path = GUIScriptingChecker/en.lproj/GUIScriptingChecker_Localizable.strings; sourceTree = "<group>"; };
		2CA4FDDF240DEB7700B4EA9A /* ja */ = {isa = PBXFileReference; lastKnownFileType = text.plist.strings; name = ja; path = GUIScriptingChecker/ja.lproj/GUIScriptingChecker_Localizable.strings; sourceTree = "<group>"; };
		2CA4FDE7240E0C2B00B4EA9A /* Makefile */ = {isa = PBXFileReference; lastKnownFileType = sourcecode.make; path = Makefile; sourceTree = "<group>"; };
		2CAAE1850E4C4103002A8807 /* BundleIcon.icns */ = {isa = PBXFileReference; lastKnownFileType = image.icns; path = BundleIcon.icns; sourceTree = "<group>"; };
		2CAAE1FF0E4C4216002A8807 /* BundleIcon.icns */ = {isa = PBXFileReference; lastKnownFileType = image.icns; path = BundleIcon.icns; sourceTree = "<group>"; };
		2CAAE2030E4C4246002A8807 /* BundleIcon.icns */ = {isa = PBXFileReference; lastKnownFileType = image.icns; path = BundleIcon.icns; sourceTree = "<group>"; };
		2CAAE20B0E4C42A4002A8807 /* BundleIcon.icns */ = {isa = PBXFileReference; lastKnownFileType = image.icns; path = BundleIcon.icns; sourceTree = "<group>"; };
		2CAB362F09BE6A3800A9C0EC /* ProgressWindow.m */ = {isa = PBXFileReference; fileEncoding = 4; lastKnownFileType = sourcecode.c.objc; path = ProgressWindow.m; sourceTree = "<group>"; };
		2CAB363009BE6A3800A9C0EC /* ProgressWindow.h */ = {isa = PBXFileReference; fileEncoding = 4; lastKnownFileType = sourcecode.c.h; path = ProgressWindow.h; sourceTree = "<group>"; };
		2CAB364B09BE6BE200A9C0EC /* AppController.h */ = {isa = PBXFileReference; fileEncoding = 4; lastKnownFileType = sourcecode.c.h; path = AppController.h; sourceTree = "<group>"; };
		2CAB364C09BE6BE200A9C0EC /* AppController.m */ = {isa = PBXFileReference; fileEncoding = 4; lastKnownFileType = sourcecode.c.objc; path = AppController.m; sourceTree = "<group>"; };
		2CCF06E7105DEC9F001E9511 /* FileProcessorCopyMoveAsync.h */ = {isa = PBXFileReference; fileEncoding = 4; lastKnownFileType = sourcecode.c.h; path = FileProcessorCopyMoveAsync.h; sourceTree = "<group>"; };
		2CCF06E8105DEC9F001E9511 /* FileProcessorCopyMoveAsync.m */ = {isa = PBXFileReference; fileEncoding = 4; lastKnownFileType = sourcecode.c.objc; path = FileProcessorCopyMoveAsync.m; sourceTree = "<group>"; };
		2CDCE15A1FE7DF6800CBD357 /* ja */ = {isa = PBXFileReference; lastKnownFileType = text.plist.strings; name = ja; path = ja.lproj/MainMenu.strings; sourceTree = "<group>"; };
		2CDCE15B1FE7DF7100CBD357 /* ja */ = {isa = PBXFileReference; lastKnownFileType = text.plist.strings; name = ja; path = ja.lproj/ProgressWindow.strings; sourceTree = "<group>"; };
		2CDCE15C1FE7DF7700CBD357 /* ja */ = {isa = PBXFileReference; fileEncoding = 10; lastKnownFileType = text.plist.strings; name = ja; path = ja.lproj/Localizable.strings; sourceTree = "<group>"; };
		2CDCE15D1FE7E00600CBD357 /* ja */ = {isa = PBXFileReference; fileEncoding = 10; lastKnownFileType = text.plist.strings; name = ja; path = ja.lproj/ServicesMenu.strings; sourceTree = "<group>"; };
		2CDCE15E1FE7E01100CBD357 /* ja */ = {isa = PBXFileReference; fileEncoding = 10; lastKnownFileType = text.plist.strings; name = ja; path = ja.lproj/ServicesMenu.strings; sourceTree = "<group>"; };
		2CDCE15F1FE7E01A00CBD357 /* ja */ = {isa = PBXFileReference; fileEncoding = 10; lastKnownFileType = text.plist.strings; name = ja; path = ja.lproj/ServicesMenu.strings; sourceTree = "<group>"; };
		2CDCE1601FE7E02700CBD357 /* ja */ = {isa = PBXFileReference; fileEncoding = 10; lastKnownFileType = text.plist.strings; name = ja; path = ja.lproj/ServicesMenu.strings; sourceTree = "<group>"; };
		2CDCE1611FE7E03800CBD357 /* ja */ = {isa = PBXFileReference; fileEncoding = 10; lastKnownFileType = text.plist.strings; name = ja; path = ja.lproj/ServicesMenu.strings; sourceTree = "<group>"; };
		2CDCE1621FE7E03C00CBD357 /* ja */ = {isa = PBXFileReference; fileEncoding = 10; lastKnownFileType = text.plist.strings; name = ja; path = ja.lproj/InfoPlist.strings; sourceTree = "<group>"; };
		2CDCE1631FE7E04200CBD357 /* ja */ = {isa = PBXFileReference; fileEncoding = 10; lastKnownFileType = text.plist.strings; name = ja; path = ja.lproj/ParticularLocalizable.strings; sourceTree = "<group>"; };
		2CDCE1641FE7E04B00CBD357 /* ja */ = {isa = PBXFileReference; fileEncoding = 10; lastKnownFileType = text.plist.strings; name = ja; path = ja.lproj/InfoPlist.strings; sourceTree = "<group>"; };
		2CDCE1651FE7E05100CBD357 /* ja */ = {isa = PBXFileReference; fileEncoding = 10; lastKnownFileType = text.plist.strings; name = ja; path = ja.lproj/ParticularLocalizable.strings; sourceTree = "<group>"; };
		2CDCE1661FE7E05800CBD357 /* ja */ = {isa = PBXFileReference; fileEncoding = 10; lastKnownFileType = text.plist.strings; name = ja; path = ja.lproj/InfoPlist.strings; sourceTree = "<group>"; };
		2CDCE1671FE7E05C00CBD357 /* ja */ = {isa = PBXFileReference; fileEncoding = 10; lastKnownFileType = text.plist.strings; name = ja; path = ja.lproj/ParticularLocalizable.strings; sourceTree = "<group>"; };
		2CDCE1681FE7E06500CBD357 /* ja */ = {isa = PBXFileReference; fileEncoding = 10; lastKnownFileType = text.plist.strings; name = ja; path = ja.lproj/InfoPlist.strings; sourceTree = "<group>"; };
		2CDCE1691FE7E06900CBD357 /* ja */ = {isa = PBXFileReference; fileEncoding = 10; lastKnownFileType = text.plist.strings; name = ja; path = ja.lproj/ParticularLocalizable.strings; sourceTree = "<group>"; };
		2CDCE16A1FE7E12E00CBD357 /* ja */ = {isa = PBXFileReference; fileEncoding = 10; lastKnownFileType = text.plist.strings; name = ja; path = ja.lproj/InfoPlist.strings; sourceTree = "<group>"; };
		2CDCE16B1FE7E13500CBD357 /* ja */ = {isa = PBXFileReference; fileEncoding = 10; lastKnownFileType = text.plist.strings; name = ja; path = ja.lproj/ParticularLocalizable.strings; sourceTree = "<group>"; };
		2CDEC1AC1BC5104700FA77AF /* NSRunningApplication+SmartActivate.h */ = {isa = PBXFileReference; fileEncoding = 4; lastKnownFileType = sourcecode.c.h; path = "NSRunningApplication+SmartActivate.h"; sourceTree = "<group>"; };
		2CDEC1AD1BC5104700FA77AF /* NSRunningApplication+SmartActivate.m */ = {isa = PBXFileReference; fileEncoding = 4; lastKnownFileType = sourcecode.c.objc; path = "NSRunningApplication+SmartActivate.m"; sourceTree = "<group>"; };
		2CDEC1B51BC5138100FA77AF /* PathExtra.h */ = {isa = PBXFileReference; fileEncoding = 4; lastKnownFileType = sourcecode.c.h; path = PathExtra.h; sourceTree = "<group>"; };
		2CDEC1B61BC5138100FA77AF /* PathExtra.m */ = {isa = PBXFileReference; fileEncoding = 4; lastKnownFileType = sourcecode.c.objc; path = PathExtra.m; sourceTree = "<group>"; };
		2CDEC1BE1BC513D000FA77AF /* FrontAppMonitor.h */ = {isa = PBXFileReference; fileEncoding = 4; lastKnownFileType = sourcecode.c.h; path = FrontAppMonitor.h; sourceTree = "<group>"; };
		2CDEC1BF1BC513D000FA77AF /* FrontAppMonitor.m */ = {isa = PBXFileReference; fileEncoding = 4; lastKnownFileType = sourcecode.c.objc; path = FrontAppMonitor.m; sourceTree = "<group>"; };
		2CDEC1C01BC513D000FA77AF /* PaletteWindowController.h */ = {isa = PBXFileReference; fileEncoding = 4; lastKnownFileType = sourcecode.c.h; path = PaletteWindowController.h; sourceTree = "<group>"; };
		2CDEC1C11BC513D000FA77AF /* PaletteWindowController.m */ = {isa = PBXFileReference; fileEncoding = 4; lastKnownFileType = sourcecode.c.objc; path = PaletteWindowController.m; sourceTree = "<group>"; };
		2CDEC1C21BC513D000FA77AF /* WindowVisibilityController.h */ = {isa = PBXFileReference; fileEncoding = 4; lastKnownFileType = sourcecode.c.h; path = WindowVisibilityController.h; sourceTree = "<group>"; };
		2CDEC1C31BC513D000FA77AF /* WindowVisibilityController.m */ = {isa = PBXFileReference; fileEncoding = 4; lastKnownFileType = sourcecode.c.objc; path = WindowVisibilityController.m; sourceTree = "<group>"; };
		2CF73B5609B86EB100EF8406 /* Make Alias File to Here.app */ = {isa = PBXFileReference; explicitFileType = wrapper.application; includeInIndex = 0; path = "Make Alias File to Here.app"; sourceTree = BUILT_PRODUCTS_DIR; };
		2CF73B5809B86EB100EF8406 /* Info.plist */ = {isa = PBXFileReference; explicitFileType = text.plist; path = Info.plist; sourceTree = "<group>"; };
		2CF73B7909B870CD00EF8406 /* FilesInPasteboard.h */ = {isa = PBXFileReference; fileEncoding = 4; lastKnownFileType = sourcecode.c.h; path = FilesInPasteboard.h; sourceTree = "<group>"; };
		2CF73B7A09B870CD00EF8406 /* FilesInPasteboard.m */ = {isa = PBXFileReference; fileEncoding = 4; lastKnownFileType = sourcecode.c.objc; path = FilesInPasteboard.m; sourceTree = "<group>"; };
		2CF73DBD09B88D4C00EF8406 /* Move to Here.app */ = {isa = PBXFileReference; explicitFileType = wrapper.application; includeInIndex = 0; path = "Move to Here.app"; sourceTree = BUILT_PRODUCTS_DIR; };
		2CF73E2E09B8971D00EF8406 /* Copy to Here.app */ = {isa = PBXFileReference; explicitFileType = wrapper.application; includeInIndex = 0; path = "Copy to Here.app"; sourceTree = BUILT_PRODUCTS_DIR; };
		2CF73E8C09B8997400EF8406 /* Make Symbolic Link to Here.app */ = {isa = PBXFileReference; explicitFileType = wrapper.application; includeInIndex = 0; path = "Make Symbolic Link to Here.app"; sourceTree = BUILT_PRODUCTS_DIR; };
/* End PBXFileReference section */

/* Begin PBXFrameworksBuildPhase section */
		2C9E85B5104E4D8D00C5B158 /* Frameworks */ = {
			isa = PBXFrameworksBuildPhase;
			buildActionMask = 2147483647;
			files = (
				2C2D940C1C313A62005D8C3E /* ScriptingBridge.framework in Frameworks */,
				2C9920391BC6601500336E70 /* DonationReminder.framework in Frameworks */,
				2C9E85D1104E4F5000C5B158 /* Cocoa.framework in Frameworks */,
				2C9E85D3104E4F5000C5B158 /* Carbon.framework in Frameworks */,
				2C9E85D4104E4F5000C5B158 /* OSAKit.framework in Frameworks */,
			);
			runOnlyForDeploymentPostprocessing = 0;
		};
		2CF73B5409B86EB100EF8406 /* Frameworks */ = {
			isa = PBXFrameworksBuildPhase;
			buildActionMask = 2147483647;
			files = (
				2C2D940B1C313A4C005D8C3E /* ScriptingBridge.framework in Frameworks */,
				2C9920371BC6600C00336E70 /* DonationReminder.framework in Frameworks */,
				2CF73B5F09B86F0900EF8406 /* Cocoa.framework in Frameworks */,
				2C5FB1811046109F006C3DC9 /* Carbon.framework in Frameworks */,
				2C9E7EB2104BDCE000C5B158 /* OSAKit.framework in Frameworks */,
			);
			runOnlyForDeploymentPostprocessing = 0;
		};
		2CF73DBB09B88D4C00EF8406 /* Frameworks */ = {
			isa = PBXFrameworksBuildPhase;
			buildActionMask = 2147483647;
			files = (
				2C2D94091C313A19005D8C3E /* ScriptingBridge.framework in Frameworks */,
				2C9920341BC65B5B00336E70 /* DonationReminder.framework in Frameworks */,
				2CF73DF409B895AD00EF8406 /* Cocoa.framework in Frameworks */,
				2C5FB17F1046109F006C3DC9 /* Carbon.framework in Frameworks */,
				2C9E7EB4104BDCE000C5B158 /* OSAKit.framework in Frameworks */,
			);
			runOnlyForDeploymentPostprocessing = 0;
		};
		2CF73E2809B8971D00EF8406 /* Frameworks */ = {
			isa = PBXFrameworksBuildPhase;
			buildActionMask = 2147483647;
			files = (
				2C2D94081C313A0E005D8C3E /* ScriptingBridge.framework in Frameworks */,
				2C9920321BC65B3F00336E70 /* DonationReminder.framework in Frameworks */,
				2CF73E2909B8971D00EF8406 /* Cocoa.framework in Frameworks */,
				2C5FB1821046109F006C3DC9 /* Carbon.framework in Frameworks */,
				2C9E7EB6104BDCE000C5B158 /* OSAKit.framework in Frameworks */,
			);
			runOnlyForDeploymentPostprocessing = 0;
		};
		2CF73E8609B8997400EF8406 /* Frameworks */ = {
			isa = PBXFrameworksBuildPhase;
			buildActionMask = 2147483647;
			files = (
				2C2D940A1C313A3B005D8C3E /* ScriptingBridge.framework in Frameworks */,
				2C9920361BC65B6D00336E70 /* DonationReminder.framework in Frameworks */,
				2CF73E8709B8997400EF8406 /* Cocoa.framework in Frameworks */,
				2C5FB1801046109F006C3DC9 /* Carbon.framework in Frameworks */,
				2C9E7EB3104BDCE000C5B158 /* OSAKit.framework in Frameworks */,
			);
			runOnlyForDeploymentPostprocessing = 0;
		};
/* End PBXFrameworksBuildPhase section */

/* Begin PBXGroup section */
		080E96DDFE201D6D7F000001 /* Scripts */ = {
			isa = PBXGroup;
			children = (
				2C9E7E9C104BD85700C5B158 /* FinderController.applescript */,
			);
			name = Scripts;
			sourceTree = "<group>";
		};
		1058C7A0FEA54F0111CA2CBB /* Linked Frameworks */ = {
			isa = PBXGroup;
			children = (
				2C2D94071C313A0E005D8C3E /* ScriptingBridge.framework */,
				2C9E7EB1104BDCE000C5B158 /* OSAKit.framework */,
				2C5FB17E1046109F006C3DC9 /* Carbon.framework */,
				1058C7A1FEA54F0111CA2CBB /* Cocoa.framework */,
			);
			name = "Linked Frameworks";
			sourceTree = "<group>";
		};
		1058C7A2FEA54F0111CA2CBB /* Other Frameworks */ = {
			isa = PBXGroup;
			children = (
				29B97325FDCFA39411CA2CEA /* Foundation.framework */,
				29B97324FDCFA39411CA2CEA /* AppKit.framework */,
			);
			name = "Other Frameworks";
			sourceTree = "<group>";
		};
		19C28FACFE9D520D11CA2CBB /* Products */ = {
			isa = PBXGroup;
			children = (
				2CF73E2E09B8971D00EF8406 /* Copy to Here.app */,
				2CF73B5609B86EB100EF8406 /* Make Alias File to Here.app */,
				2CF73DBD09B88D4C00EF8406 /* Move to Here.app */,
				2CF73E8C09B8997400EF8406 /* Make Symbolic Link to Here.app */,
				2C9E85B7104E4D8D00C5B158 /* Make Hard Link to Here.app */,
			);
			name = Products;
			sourceTree = "<group>";
		};
		29B97314FDCFA39411CA2CEA /* FileClipper */ = {
			isa = PBXGroup;
			children = (
				2CA4FDD3240DD49600B4EA9A /* Make Hard Link to Here.entitlements */,
				2CA4FDD2240DD49400B4EA9A /* Make Alias File to Here.entitlements */,
				2CA4FDD1240DD49300B4EA9A /* Make Symbolic Link to Here.entitlements */,
				2CA4FDD0240DD49000B4EA9A /* Move to Here.entitlements */,
				2CA4FDCF240DD48E00B4EA9A /* Copy to Here.entitlements */,
				2C48998F0DE43333001A564D /* History.rd */,
				2C9E7E23104B893800C5B158 /* Classes */,
				2C2D94061C3125D2005D8C3E /* GUIScriptingChecker */,
				080E96DDFE201D6D7F000001 /* Scripts */,
				29B97317FDCFA39411CA2CEA /* Resources */,
				2CDEC1BD1BC513D000FA77AF /* PaletteWindowController */,
				2CDEC1B41BC5138100FA77AF /* PathExtra */,
				29B97315FDCFA39411CA2CEA /* Other Sources */,
				2CF7417C09B9EA5600EF8406 /* CopyToHere */,
				2CF7409A09B9C8FF00EF8406 /* MoveToHere */,
				2CF7409909B9C8FF00EF8406 /* MakeSymbolicLinkToHere */,
				2CF7409B09B9C8FF00EF8406 /* MakeAliasFileToHere */,
				2C9E85A9104E4D2700C5B158 /* MakeHardLinkToHere */,
				29B97323FDCFA39411CA2CEA /* Frameworks */,
				19C28FACFE9D520D11CA2CBB /* Products */,
				2CA4FDE7240E0C2B00B4EA9A /* Makefile */,
				2C9BB10F241CD81400323F19 /* README.md */,
				2C99202A1BC65AC400336E70 /* DonationReminder.xcodeproj */,
			);
			name = FileClipper;
			sourceTree = "<group>";
		};
		29B97315FDCFA39411CA2CEA /* Other Sources */ = {
			isa = PBXGroup;
			children = (
				29B97316FDCFA39411CA2CEA /* main.m */,
			);
			name = "Other Sources";
			sourceTree = "<group>";
		};
		29B97317FDCFA39411CA2CEA /* Resources */ = {
			isa = PBXGroup;
			children = (
				2C381B8F1CBBCEAC006416E3 /* MainMenu.xib */,
				2C5FB1B41046138D006C3DC9 /* FactorySettings.plist */,
				2C5D93FA1054E2FC00B8479B /* ProgressWindow.xib */,
				2CF73B5809B86EB100EF8406 /* Info.plist */,
				2CF743E409B9FC6C00EF8406 /* Localizable.strings */,
			);
			name = Resources;
			sourceTree = "<group>";
		};
		29B97323FDCFA39411CA2CEA /* Frameworks */ = {
			isa = PBXGroup;
			children = (
				1058C7A0FEA54F0111CA2CBB /* Linked Frameworks */,
				1058C7A2FEA54F0111CA2CBB /* Other Frameworks */,
			);
			name = Frameworks;
			sourceTree = "<group>";
		};
		2C2D94061C3125D2005D8C3E /* GUIScriptingChecker */ = {
			isa = PBXGroup;
			children = (
				2CA4FDDD240DEB7700B4EA9A /* GUIScriptingChecker_Localizable.strings */,
				2C2D940F1C3171B4005D8C3E /* SystemPreferences.h */,
				2C2D940D1C313E3C005D8C3E /* SystemEvents.h */,
				2C2D93FF1C3125C2005D8C3E /* GUIScriptingChecker.h */,
				2C2D94001C3125C2005D8C3E /* GUIScriptingChecker.m */,
			);
			name = GUIScriptingChecker;
			sourceTree = "<group>";
		};
		2C99202B1BC65AC400336E70 /* Products */ = {
			isa = PBXGroup;
			children = (
				2C99202F1BC65AC500336E70 /* DonationReminder.framework */,
			);
			name = Products;
			sourceTree = "<group>";
		};
		2C9E7E23104B893800C5B158 /* Classes */ = {
			isa = PBXGroup;
			children = (
				2CDEC1AC1BC5104700FA77AF /* NSRunningApplication+SmartActivate.h */,
				2CDEC1AD1BC5104700FA77AF /* NSRunningApplication+SmartActivate.m */,
				2CF73B7909B870CD00EF8406 /* FilesInPasteboard.h */,
				2CF73B7A09B870CD00EF8406 /* FilesInPasteboard.m */,
				2CAB364B09BE6BE200A9C0EC /* AppController.h */,
				2CAB364C09BE6BE200A9C0EC /* AppController.m */,
				2CAB362F09BE6A3800A9C0EC /* ProgressWindow.m */,
				2CAB363009BE6A3800A9C0EC /* ProgressWindow.h */,
				2C9E7E2F104B8A1100C5B158 /* ProgressWindowController.h */,
				2C9E7E30104B8A1100C5B158 /* ProgressWindowController.m */,
				2C9E8608104E784700C5B158 /* FileProcessorBase.m */,
				2C9E8610104E788A00C5B158 /* FileProcessorBase.h */,
				2CCF06E7105DEC9F001E9511 /* FileProcessorCopyMoveAsync.h */,
				2CCF06E8105DEC9F001E9511 /* FileProcessorCopyMoveAsync.m */,
			);
			name = Classes;
			sourceTree = "<group>";
		};
		2C9E85A9104E4D2700C5B158 /* MakeHardLinkToHere */ = {
			isa = PBXGroup;
			children = (
				2C18EE03106305C600E7F55F /* BundleIcon.icns */,
				2C9E85AB104E4D2700C5B158 /* InfoPlist.strings */,
				2C9E85AD104E4D2700C5B158 /* ServicesMenu.strings */,
				2C9E85B0104E4D2700C5B158 /* FileProcessor.m */,
				2C7F3ECD105E53510041D337 /* FileProcessor.h */,
				2C7F3EC4105E52470041D337 /* ParticularLocalizable.strings */,
			);
			path = MakeHardLinkToHere;
			sourceTree = "<group>";
		};
		2CDEC1B41BC5138100FA77AF /* PathExtra */ = {
			isa = PBXGroup;
			children = (
				2CDEC1B51BC5138100FA77AF /* PathExtra.h */,
				2CDEC1B61BC5138100FA77AF /* PathExtra.m */,
			);
			path = PathExtra;
			sourceTree = "<group>";
		};
		2CDEC1BD1BC513D000FA77AF /* PaletteWindowController */ = {
			isa = PBXGroup;
			children = (
				2CDEC1BE1BC513D000FA77AF /* FrontAppMonitor.h */,
				2CDEC1BF1BC513D000FA77AF /* FrontAppMonitor.m */,
				2CDEC1C01BC513D000FA77AF /* PaletteWindowController.h */,
				2CDEC1C11BC513D000FA77AF /* PaletteWindowController.m */,
				2CDEC1C21BC513D000FA77AF /* WindowVisibilityController.h */,
				2CDEC1C31BC513D000FA77AF /* WindowVisibilityController.m */,
			);
			path = PaletteWindowController;
			sourceTree = "<group>";
		};
		2CF7409909B9C8FF00EF8406 /* MakeSymbolicLinkToHere */ = {
			isa = PBXGroup;
			children = (
				2CAAE2030E4C4246002A8807 /* BundleIcon.icns */,
				2CF740BC09B9CB0700EF8406 /* InfoPlist.strings */,
				2C9E81E4104D23B100C5B158 /* ServicesMenu.strings */,
				2C9E83D9104D245C00C5B158 /* FileProcessor.m */,
				2C7F3EA1105E4CB90041D337 /* FileProcessor.h */,
				2C7F3EB7105E4FF40041D337 /* ParticularLocalizable.strings */,
			);
			path = MakeSymbolicLinkToHere;
			sourceTree = "<group>";
		};
		2CF7409A09B9C8FF00EF8406 /* MoveToHere */ = {
			isa = PBXGroup;
			children = (
				2CAAE20B0E4C42A4002A8807 /* BundleIcon.icns */,
				2CF7418D09B9EBF200EF8406 /* InfoPlist.strings */,
				2C9E7E10104B88F100C5B158 /* FileProcessor.m */,
				2C7F3C0C105E20910041D337 /* FileProcessor.h */,
				2C9E81DC104D22FF00C5B158 /* ServicesMenu.strings */,
				2CCF0672105AC66D001E9511 /* ParticularLocalizable.strings */,
			);
			path = MoveToHere;
			sourceTree = "<group>";
		};
		2CF7409B09B9C8FF00EF8406 /* MakeAliasFileToHere */ = {
			isa = PBXGroup;
			children = (
				2CAAE1FF0E4C4216002A8807 /* BundleIcon.icns */,
				2CF7419309B9EC4500EF8406 /* InfoPlist.strings */,
				2C9E7E15104B892300C5B158 /* FileProcessor.m */,
				2C7F3EAD105E4EC30041D337 /* FileProcessor.h */,
				2C9E83E2104D2A3100C5B158 /* ServicesMenu.strings */,
				2C7F3EC0105E50E60041D337 /* ParticularLocalizable.strings */,
			);
			path = MakeAliasFileToHere;
			sourceTree = "<group>";
		};
		2CF7417C09B9EA5600EF8406 /* CopyToHere */ = {
			isa = PBXGroup;
			children = (
				2C9E7E78104B905200C5B158 /* ServicesMenu.strings */,
				2CAAE1850E4C4103002A8807 /* BundleIcon.icns */,
				2CF7418209B9EA7400EF8406 /* InfoPlist.strings */,
				2C9E7FD3104CDF7000C5B158 /* FileProcessor.m */,
				2C7F3BAF105E19650041D337 /* FileProcessor.h */,
				2CCF0657105AC388001E9511 /* ParticularLocalizable.strings */,
			);
			path = CopyToHere;
			sourceTree = "<group>";
		};
/* End PBXGroup section */

/* Begin PBXNativeTarget section */
		2C9E85B6104E4D8D00C5B158 /* Make Hard Link to Here */ = {
			isa = PBXNativeTarget;
			buildConfigurationList = 2C9E85BC104E4D8E00C5B158 /* Build configuration list for PBXNativeTarget "Make Hard Link to Here" */;
			buildPhases = (
				2C9E85B3104E4D8D00C5B158 /* Resources */,
				2C9E85B4104E4D8D00C5B158 /* Sources */,
				2C9E85B5104E4D8D00C5B158 /* Frameworks */,
				2CCF041F105AAC53001E9511 /* CopyFiles */,
			);
			buildRules = (
			);
			dependencies = (
			);
			name = "Make Hard Link to Here";
			productName = "Make Hard Link to Here";
			productReference = 2C9E85B7104E4D8D00C5B158 /* Make Hard Link to Here.app */;
			productType = "com.apple.product-type.application";
		};
		2CF73B5509B86EB100EF8406 /* Make Alias File to Here */ = {
			isa = PBXNativeTarget;
			buildConfigurationList = 2CF73B5909B86EB300EF8406 /* Build configuration list for PBXNativeTarget "Make Alias File to Here" */;
			buildPhases = (
				2CF73B5209B86EB100EF8406 /* Resources */,
				2CF73B5309B86EB100EF8406 /* Sources */,
				2CF73B5409B86EB100EF8406 /* Frameworks */,
				2CCF03FD105AAB78001E9511 /* CopyFiles */,
			);
			buildRules = (
			);
			dependencies = (
			);
			name = "Make Alias File to Here";
			productName = "Make Alias File to Here";
			productReference = 2CF73B5609B86EB100EF8406 /* Make Alias File to Here.app */;
			productType = "com.apple.product-type.application";
		};
		2CF73DBC09B88D4C00EF8406 /* Move to Here */ = {
			isa = PBXNativeTarget;
			buildConfigurationList = 2CF73DC009B88D4D00EF8406 /* Build configuration list for PBXNativeTarget "Move to Here" */;
			buildPhases = (
				2CF73DB909B88D4C00EF8406 /* Resources */,
				2CF73DBA09B88D4C00EF8406 /* Sources */,
				2CF73DBB09B88D4C00EF8406 /* Frameworks */,
				2CCF03FF105AAB78001E9511 /* CopyFiles */,
			);
			buildRules = (
			);
			dependencies = (
			);
			name = "Move to Here";
			productName = "Move to Here";
			productReference = 2CF73DBD09B88D4C00EF8406 /* Move to Here.app */;
			productType = "com.apple.product-type.application";
		};
		2CF73E1E09B8971D00EF8406 /* Copy to Here */ = {
			isa = PBXNativeTarget;
			buildConfigurationList = 2CF73E2B09B8971D00EF8406 /* Build configuration list for PBXNativeTarget "Copy to Here" */;
			buildPhases = (
				2CF73E2309B8971D00EF8406 /* Resources */,
				2CF73E2509B8971D00EF8406 /* Sources */,
				2CF73E2809B8971D00EF8406 /* Frameworks */,
				2CCF03FC105AAB78001E9511 /* CopyFiles */,
			);
			buildRules = (
			);
			dependencies = (
				2C9920311BC65B0300336E70 /* PBXTargetDependency */,
			);
			name = "Copy to Here";
			productName = "Move to Here";
			productReference = 2CF73E2E09B8971D00EF8406 /* Copy to Here.app */;
			productType = "com.apple.product-type.application";
		};
		2CF73E7B09B8997400EF8406 /* Make Symbolic Link to Here */ = {
			isa = PBXNativeTarget;
			buildConfigurationList = 2CF73E8909B8997400EF8406 /* Build configuration list for PBXNativeTarget "Make Symbolic Link to Here" */;
			buildPhases = (
				2CF73E8009B8997400EF8406 /* Resources */,
				2CF73E8309B8997400EF8406 /* Sources */,
				2CF73E8609B8997400EF8406 /* Frameworks */,
				2CCF03FE105AAB78001E9511 /* CopyFiles */,
			);
			buildRules = (
			);
			dependencies = (
			);
			name = "Make Symbolic Link to Here";
			productName = "Move to Here";
			productReference = 2CF73E8C09B8997400EF8406 /* Make Symbolic Link to Here.app */;
			productType = "com.apple.product-type.application";
		};
/* End PBXNativeTarget section */

/* Begin PBXProject section */
		29B97313FDCFA39411CA2CEA /* Project object */ = {
			isa = PBXProject;
			attributes = {
				LastUpgradeCheck = 1130;
				TargetAttributes = {
					2C9E85B6104E4D8D00C5B158 = {
						DevelopmentTeam = 5VBC6385DN;
						ProvisioningStyle = Automatic;
					};
					2CF73B5509B86EB100EF8406 = {
						DevelopmentTeam = 5VBC6385DN;
						ProvisioningStyle = Automatic;
					};
					2CF73DBC09B88D4C00EF8406 = {
						DevelopmentTeam = 5VBC6385DN;
						ProvisioningStyle = Automatic;
					};
					2CF73E1E09B8971D00EF8406 = {
						DevelopmentTeam = 5VBC6385DN;
						ProvisioningStyle = Automatic;
						SystemCapabilities = {
							com.apple.Sandbox = {
								enabled = 0;
							};
						};
					};
					2CF73E7B09B8997400EF8406 = {
						DevelopmentTeam = 5VBC6385DN;
						ProvisioningStyle = Automatic;
					};
				};
			};
			buildConfigurationList = 4E71A80908A2C90C0034BBD9 /* Build configuration list for PBXProject "FileClipper" */;
			compatibilityVersion = "Xcode 6.3";
			developmentRegion = en;
			hasScannedForEncodings = 1;
			knownRegions = (
				zh_CN,
				zh_TW,
				Base,
				ja,
				de,
				fr,
				en,
			);
			mainGroup = 29B97314FDCFA39411CA2CEA /* FileClipper */;
			projectDirPath = "";
			projectReferences = (
				{
					ProductGroup = 2C99202B1BC65AC400336E70 /* Products */;
					ProjectRef = 2C99202A1BC65AC400336E70 /* DonationReminder.xcodeproj */;
				},
			);
			projectRoot = "";
			targets = (
				2CF73E1E09B8971D00EF8406 /* Copy to Here */,
				2CF73DBC09B88D4C00EF8406 /* Move to Here */,
				2CF73E7B09B8997400EF8406 /* Make Symbolic Link to Here */,
				2CF73B5509B86EB100EF8406 /* Make Alias File to Here */,
				2C9E85B6104E4D8D00C5B158 /* Make Hard Link to Here */,
				2CAB356709BE675400A9C0EC /* BuildAll */,
			);
		};
/* End PBXProject section */

/* Begin PBXReferenceProxy section */
		2C99202F1BC65AC500336E70 /* DonationReminder.framework */ = {
			isa = PBXReferenceProxy;
			fileType = wrapper.framework;
			path = DonationReminder.framework;
			remoteRef = 2C99202E1BC65AC500336E70 /* PBXContainerItemProxy */;
			sourceTree = BUILT_PRODUCTS_DIR;
		};
/* End PBXReferenceProxy section */

/* Begin PBXResourcesBuildPhase section */
		2C9E85B3104E4D8D00C5B158 /* Resources */ = {
			isa = PBXResourcesBuildPhase;
			buildActionMask = 2147483647;
			files = (
				2C9E85C3104E4DEF00C5B158 /* FactorySettings.plist in Resources */,
				2C5D93FF1054E2FC00B8479B /* ProgressWindow.xib in Resources */,
				2C9E85C6104E4E0200C5B158 /* Localizable.strings in Resources */,
				2C7F3EC5105E52470041D337 /* ParticularLocalizable.strings in Resources */,
				2C5A1FBA10609F68000A8841 /* InfoPlist.strings in Resources */,
				2C18EE04106305C600E7F55F /* BundleIcon.icns in Resources */,
				2CDE876B106C54C1000AC7FA /* ServicesMenu.strings in Resources */,
				2C381B9D1CBBD6E2006416E3 /* MainMenu.xib in Resources */,
				2CA4FDE4240DEB7700B4EA9A /* GUIScriptingChecker_Localizable.strings in Resources */,
			);
			runOnlyForDeploymentPostprocessing = 0;
		};
		2CF73B5209B86EB100EF8406 /* Resources */ = {
			isa = PBXResourcesBuildPhase;
			buildActionMask = 2147483647;
			files = (
				2CF7419409B9EC4500EF8406 /* InfoPlist.strings in Resources */,
				2CF743E509B9FC6C00EF8406 /* Localizable.strings in Resources */,
				2CAAE2000E4C4216002A8807 /* BundleIcon.icns in Resources */,
				2C5FB1B7104613FE006C3DC9 /* FactorySettings.plist in Resources */,
				2C5D93FC1054E2FC00B8479B /* ProgressWindow.xib in Resources */,
				2C9E83E3104D2A3100C5B158 /* ServicesMenu.strings in Resources */,
				2C7F3EC1105E50E60041D337 /* ParticularLocalizable.strings in Resources */,
				2C381B9C1CBBD6E2006416E3 /* MainMenu.xib in Resources */,
				2CA4FDE3240DEB7700B4EA9A /* GUIScriptingChecker_Localizable.strings in Resources */,
			);
			runOnlyForDeploymentPostprocessing = 0;
		};
		2CF73DB909B88D4C00EF8406 /* Resources */ = {
			isa = PBXResourcesBuildPhase;
			buildActionMask = 2147483647;
			files = (
				2CF7419009B9EC1F00EF8406 /* InfoPlist.strings in Resources */,
				2CF743E609B9FC6C00EF8406 /* Localizable.strings in Resources */,
				2CAAE20C0E4C42A4002A8807 /* BundleIcon.icns in Resources */,
				2C5FB1B910461400006C3DC9 /* FactorySettings.plist in Resources */,
				2C5D93FE1054E2FC00B8479B /* ProgressWindow.xib in Resources */,
				2C9E81DD104D22FF00C5B158 /* ServicesMenu.strings in Resources */,
				2CCF0673105AC66D001E9511 /* ParticularLocalizable.strings in Resources */,
				2C381B9A1CBBD6E1006416E3 /* MainMenu.xib in Resources */,
				2CA4FDE1240DEB7700B4EA9A /* GUIScriptingChecker_Localizable.strings in Resources */,
			);
			runOnlyForDeploymentPostprocessing = 0;
		};
		2CF73E2309B8971D00EF8406 /* Resources */ = {
			isa = PBXResourcesBuildPhase;
			buildActionMask = 2147483647;
			files = (
				2CF7418309B9EA7900EF8406 /* InfoPlist.strings in Resources */,
				2CF743E709B9FC6C00EF8406 /* Localizable.strings in Resources */,
				2CAAE1860E4C4104002A8807 /* BundleIcon.icns in Resources */,
				2C5FB1B51046138D006C3DC9 /* FactorySettings.plist in Resources */,
				2C5D93FB1054E2FC00B8479B /* ProgressWindow.xib in Resources */,
				2C9E7E7A104B905200C5B158 /* ServicesMenu.strings in Resources */,
				2CCF0658105AC388001E9511 /* ParticularLocalizable.strings in Resources */,
				2C381B911CBBCEAC006416E3 /* MainMenu.xib in Resources */,
				2CA4FDE0240DEB7700B4EA9A /* GUIScriptingChecker_Localizable.strings in Resources */,
			);
			runOnlyForDeploymentPostprocessing = 0;
		};
		2CF73E8009B8997400EF8406 /* Resources */ = {
			isa = PBXResourcesBuildPhase;
			buildActionMask = 2147483647;
			files = (
				2CF740BD09B9CB0700EF8406 /* InfoPlist.strings in Resources */,
				2CF743E809B9FC6C00EF8406 /* Localizable.strings in Resources */,
				2CAAE2040E4C4246002A8807 /* BundleIcon.icns in Resources */,
				2C5FB1B8104613FF006C3DC9 /* FactorySettings.plist in Resources */,
				2C5D93FD1054E2FC00B8479B /* ProgressWindow.xib in Resources */,
				2C9E81E5104D23B100C5B158 /* ServicesMenu.strings in Resources */,
				2C7F3EB8105E4FF40041D337 /* ParticularLocalizable.strings in Resources */,
				2C381B9B1CBBD6E1006416E3 /* MainMenu.xib in Resources */,
				2CA4FDE2240DEB7700B4EA9A /* GUIScriptingChecker_Localizable.strings in Resources */,
			);
			runOnlyForDeploymentPostprocessing = 0;
		};
/* End PBXResourcesBuildPhase section */

/* Begin PBXSourcesBuildPhase section */
		2C9E85B4104E4D8D00C5B158 /* Sources */ = {
			isa = PBXSourcesBuildPhase;
			buildActionMask = 2147483647;
			files = (
				2C9E85BE104E4DCF00C5B158 /* FinderController.applescript in Sources */,
				2C9E85BF104E4DD800C5B158 /* FilesInPasteboard.m in Sources */,
				2C9E85C0104E4DDC00C5B158 /* AppController.m in Sources */,
				2C9E85C1104E4DE000C5B158 /* ProgressWindow.m in Sources */,
				2C9E85C2104E4DE500C5B158 /* ProgressWindowController.m in Sources */,
				2C9E85CE104E4E5600C5B158 /* main.m in Sources */,
				2C9E85DE104E509900C5B158 /* FileProcessor.m in Sources */,
				2C9E8609104E784700C5B158 /* FileProcessorBase.m in Sources */,
				2CDEC1B21BC5104700FA77AF /* NSRunningApplication+SmartActivate.m in Sources */,
				2CDEC1BB1BC5138100FA77AF /* PathExtra.m in Sources */,
				2CDEC1C81BC513D000FA77AF /* FrontAppMonitor.m in Sources */,
				2CDEC1CE1BC513D000FA77AF /* PaletteWindowController.m in Sources */,
				2CDEC1D41BC513D000FA77AF /* WindowVisibilityController.m in Sources */,
				2CA4FDD9240DE99700B4EA9A /* GUIScriptingChecker.m in Sources */,
			);
			runOnlyForDeploymentPostprocessing = 0;
		};
		2CF73B5309B86EB100EF8406 /* Sources */ = {
			isa = PBXSourcesBuildPhase;
			buildActionMask = 2147483647;
			files = (
				2C9E7E9D104BD85700C5B158 /* FinderController.applescript in Sources */,
				2CF73C4909B8737A00EF8406 /* FilesInPasteboard.m in Sources */,
				2CF73C4309B8737000EF8406 /* main.m in Sources */,
				2CAB363309BE6A3800A9C0EC /* ProgressWindow.m in Sources */,
				2CAB38AA09BEB8CC00A9C0EC /* AppController.m in Sources */,
				2C9E7E17104B892300C5B158 /* FileProcessor.m in Sources */,
				2C9E7E32104B8A1100C5B158 /* ProgressWindowController.m in Sources */,
				2C9E860E104E784700C5B158 /* FileProcessorBase.m in Sources */,
				2CDEC1B11BC5104700FA77AF /* NSRunningApplication+SmartActivate.m in Sources */,
				2CDEC1BA1BC5138100FA77AF /* PathExtra.m in Sources */,
				2CDEC1C71BC513D000FA77AF /* FrontAppMonitor.m in Sources */,
				2CDEC1CD1BC513D000FA77AF /* PaletteWindowController.m in Sources */,
				2CDEC1D31BC513D000FA77AF /* WindowVisibilityController.m in Sources */,
				2CA4FDDA240DE99700B4EA9A /* GUIScriptingChecker.m in Sources */,
			);
			runOnlyForDeploymentPostprocessing = 0;
		};
		2CF73DBA09B88D4C00EF8406 /* Sources */ = {
			isa = PBXSourcesBuildPhase;
			buildActionMask = 2147483647;
			files = (
				2C9E7E9F104BD85700C5B158 /* FinderController.applescript in Sources */,
				2CF73DF609B895B400EF8406 /* FilesInPasteboard.m in Sources */,
				2CF73DF709B895B400EF8406 /* main.m in Sources */,
				2CAB363509BE6A3800A9C0EC /* ProgressWindow.m in Sources */,
				2CAB38AC09BEB8CD00A9C0EC /* AppController.m in Sources */,
				2C9E7E36104B8A1100C5B158 /* ProgressWindowController.m in Sources */,
				2C9E7FF6104CEEEC00C5B158 /* FileProcessor.m in Sources */,
				2C9E860C104E784700C5B158 /* FileProcessorBase.m in Sources */,
				2CA4FDDC240DE99800B4EA9A /* GUIScriptingChecker.m in Sources */,
				2CCF06EA105DEC9F001E9511 /* FileProcessorCopyMoveAsync.m in Sources */,
				2CDEC1AF1BC5104700FA77AF /* NSRunningApplication+SmartActivate.m in Sources */,
				2CDEC1B81BC5138100FA77AF /* PathExtra.m in Sources */,
				2CDEC1C51BC513D000FA77AF /* FrontAppMonitor.m in Sources */,
				2CDEC1CB1BC513D000FA77AF /* PaletteWindowController.m in Sources */,
				2CDEC1D11BC513D000FA77AF /* WindowVisibilityController.m in Sources */,
			);
			runOnlyForDeploymentPostprocessing = 0;
		};
		2CF73E2509B8971D00EF8406 /* Sources */ = {
			isa = PBXSourcesBuildPhase;
			buildActionMask = 2147483647;
			files = (
				2C9E7EA1104BD85700C5B158 /* FinderController.applescript in Sources */,
				2CF73E2609B8971D00EF8406 /* FilesInPasteboard.m in Sources */,
				2CF73E2709B8971D00EF8406 /* main.m in Sources */,
				2CAB363109BE6A3800A9C0EC /* ProgressWindow.m in Sources */,
				2CAB364E09BE6BE200A9C0EC /* AppController.m in Sources */,
				2C9E7E3A104B8A1100C5B158 /* ProgressWindowController.m in Sources */,
				2C9E7FD5104CDF7000C5B158 /* FileProcessor.m in Sources */,
				2C9E860F104E784700C5B158 /* FileProcessorBase.m in Sources */,
				2CA4FDD8240DE99600B4EA9A /* GUIScriptingChecker.m in Sources */,
				2C7F3BBC105E1A330041D337 /* FileProcessorCopyMoveAsync.m in Sources */,
				2CDEC1AE1BC5104700FA77AF /* NSRunningApplication+SmartActivate.m in Sources */,
				2CDEC1B71BC5138100FA77AF /* PathExtra.m in Sources */,
				2CDEC1C41BC513D000FA77AF /* FrontAppMonitor.m in Sources */,
				2CDEC1CA1BC513D000FA77AF /* PaletteWindowController.m in Sources */,
				2CDEC1D01BC513D000FA77AF /* WindowVisibilityController.m in Sources */,
			);
			runOnlyForDeploymentPostprocessing = 0;
		};
		2CF73E8309B8997400EF8406 /* Sources */ = {
			isa = PBXSourcesBuildPhase;
			buildActionMask = 2147483647;
			files = (
				2C9E7E9E104BD85700C5B158 /* FinderController.applescript in Sources */,
				2CF73E8409B8997400EF8406 /* FilesInPasteboard.m in Sources */,
				2CF73E8509B8997400EF8406 /* main.m in Sources */,
				2CAB363709BE6A3800A9C0EC /* ProgressWindow.m in Sources */,
				2CAB38AB09BEB8CC00A9C0EC /* AppController.m in Sources */,
				2C9E7E34104B8A1100C5B158 /* ProgressWindowController.m in Sources */,
				2C9E83DB104D245C00C5B158 /* FileProcessor.m in Sources */,
				2C9E860D104E784700C5B158 /* FileProcessorBase.m in Sources */,
				2CDEC1B01BC5104700FA77AF /* NSRunningApplication+SmartActivate.m in Sources */,
				2CDEC1B91BC5138100FA77AF /* PathExtra.m in Sources */,
				2CDEC1C61BC513D000FA77AF /* FrontAppMonitor.m in Sources */,
				2CDEC1CC1BC513D000FA77AF /* PaletteWindowController.m in Sources */,
				2CDEC1D21BC513D000FA77AF /* WindowVisibilityController.m in Sources */,
				2CA4FDDB240DE99800B4EA9A /* GUIScriptingChecker.m in Sources */,
			);
			runOnlyForDeploymentPostprocessing = 0;
		};
/* End PBXSourcesBuildPhase section */

/* Begin PBXTargetDependency section */
		2C18EE131063066D00E7F55F /* PBXTargetDependency */ = {
			isa = PBXTargetDependency;
			target = 2C9E85B6104E4D8D00C5B158 /* Make Hard Link to Here */;
			targetProxy = 2C18EE121063066D00E7F55F /* PBXContainerItemProxy */;
		};
		2C9920311BC65B0300336E70 /* PBXTargetDependency */ = {
			isa = PBXTargetDependency;
			name = DonationReminder;
			targetProxy = 2C9920301BC65B0300336E70 /* PBXContainerItemProxy */;
		};
		2CAB356B09BE675F00A9C0EC /* PBXTargetDependency */ = {
			isa = PBXTargetDependency;
			target = 2CF73DBC09B88D4C00EF8406 /* Move to Here */;
			targetProxy = 2CAB356A09BE675F00A9C0EC /* PBXContainerItemProxy */;
		};
		2CAB356D09BE676100A9C0EC /* PBXTargetDependency */ = {
			isa = PBXTargetDependency;
			target = 2CF73E7B09B8997400EF8406 /* Make Symbolic Link to Here */;
			targetProxy = 2CAB356C09BE676100A9C0EC /* PBXContainerItemProxy */;
		};
		2CAB356F09BE676300A9C0EC /* PBXTargetDependency */ = {
			isa = PBXTargetDependency;
			target = 2CF73B5509B86EB100EF8406 /* Make Alias File to Here */;
			targetProxy = 2CAB356E09BE676300A9C0EC /* PBXContainerItemProxy */;
		};
		2CAB357109BE676500A9C0EC /* PBXTargetDependency */ = {
			isa = PBXTargetDependency;
			target = 2CF73E1E09B8971D00EF8406 /* Copy to Here */;
			targetProxy = 2CAB357009BE676500A9C0EC /* PBXContainerItemProxy */;
		};
/* End PBXTargetDependency section */

/* Begin PBXVariantGroup section */
		2C381B8F1CBBCEAC006416E3 /* MainMenu.xib */ = {
			isa = PBXVariantGroup;
			children = (
				2C381B901CBBCEAC006416E3 /* Base */,
				2CDCE15A1FE7DF6800CBD357 /* ja */,
			);
			name = MainMenu.xib;
			sourceTree = "<group>";
		};
		2C5D93FA1054E2FC00B8479B /* ProgressWindow.xib */ = {
			isa = PBXVariantGroup;
			children = (
				2C381B8C1CBBCD24006416E3 /* Base */,
				2CDCE15B1FE7DF7100CBD357 /* ja */,
			);
			name = ProgressWindow.xib;
			sourceTree = "<group>";
		};
		2C7F3EB7105E4FF40041D337 /* ParticularLocalizable.strings */ = {
			isa = PBXVariantGroup;
			children = (
				2C381BB61CBBDB84006416E3 /* Base */,
				2CDCE1671FE7E05C00CBD357 /* ja */,
			);
			name = ParticularLocalizable.strings;
			sourceTree = "<group>";
		};
		2C7F3EC0105E50E60041D337 /* ParticularLocalizable.strings */ = {
			isa = PBXVariantGroup;
			children = (
				2C381BBC1CBBDBF2006416E3 /* Base */,
				2CDCE1691FE7E06900CBD357 /* ja */,
			);
			name = ParticularLocalizable.strings;
			sourceTree = "<group>";
		};
		2C7F3EC4105E52470041D337 /* ParticularLocalizable.strings */ = {
			isa = PBXVariantGroup;
			children = (
				2C381BC21CBBDC3A006416E3 /* Base */,
				2CDCE16B1FE7E13500CBD357 /* ja */,
			);
			name = ParticularLocalizable.strings;
			sourceTree = "<group>";
		};
		2C9E7E78104B905200C5B158 /* ServicesMenu.strings */ = {
			isa = PBXVariantGroup;
			children = (
				2C381BA81CBBDA59006416E3 /* Base */,
				2CDCE1611FE7E03800CBD357 /* ja */,
			);
			name = ServicesMenu.strings;
			sourceTree = "<group>";
		};
		2C9E81DC104D22FF00C5B158 /* ServicesMenu.strings */ = {
			isa = PBXVariantGroup;
			children = (
				2C381BAF1CBBDB25006416E3 /* Base */,
				2CDCE1601FE7E02700CBD357 /* ja */,
			);
			name = ServicesMenu.strings;
			sourceTree = "<group>";
		};
		2C9E81E4104D23B100C5B158 /* ServicesMenu.strings */ = {
			isa = PBXVariantGroup;
			children = (
				2C381BB51CBBDB73006416E3 /* Base */,
				2CDCE15F1FE7E01A00CBD357 /* ja */,
			);
			name = ServicesMenu.strings;
			sourceTree = "<group>";
		};
		2C9E83E2104D2A3100C5B158 /* ServicesMenu.strings */ = {
			isa = PBXVariantGroup;
			children = (
				2C381BBB1CBBDBD9006416E3 /* Base */,
				2CDCE15E1FE7E01100CBD357 /* ja */,
			);
			name = ServicesMenu.strings;
			sourceTree = "<group>";
		};
		2C9E85AB104E4D2700C5B158 /* InfoPlist.strings */ = {
			isa = PBXVariantGroup;
			children = (
				2C381BC01CBBDC22006416E3 /* Base */,
				2CDCE16A1FE7E12E00CBD357 /* ja */,
			);
			name = InfoPlist.strings;
			sourceTree = "<group>";
		};
		2C9E85AD104E4D2700C5B158 /* ServicesMenu.strings */ = {
			isa = PBXVariantGroup;
			children = (
				2C381BC11CBBDC31006416E3 /* Base */,
				2CDCE15D1FE7E00600CBD357 /* ja */,
			);
			name = ServicesMenu.strings;
			sourceTree = "<group>";
		};
		2CA4FDDD240DEB7700B4EA9A /* GUIScriptingChecker_Localizable.strings */ = {
			isa = PBXVariantGroup;
			children = (
				2CA4FDDE240DEB7700B4EA9A /* en */,
				2CA4FDDF240DEB7700B4EA9A /* ja */,
			);
			name = GUIScriptingChecker_Localizable.strings;
			sourceTree = "<group>";
		};
		2CCF0657105AC388001E9511 /* ParticularLocalizable.strings */ = {
			isa = PBXVariantGroup;
			children = (
				2C381BAA1CBBDA8C006416E3 /* Base */,
				2CDCE1631FE7E04200CBD357 /* ja */,
			);
			name = ParticularLocalizable.strings;
			sourceTree = "<group>";
		};
		2CCF0672105AC66D001E9511 /* ParticularLocalizable.strings */ = {
			isa = PBXVariantGroup;
			children = (
				2C381BB01CBBDB33006416E3 /* Base */,
				2CDCE1651FE7E05100CBD357 /* ja */,
			);
			name = ParticularLocalizable.strings;
			sourceTree = "<group>";
		};
		2CF740BC09B9CB0700EF8406 /* InfoPlist.strings */ = {
			isa = PBXVariantGroup;
			children = (
				2C381BB41CBBDB6A006416E3 /* Base */,
				2CDCE1661FE7E05800CBD357 /* ja */,
			);
			name = InfoPlist.strings;
			sourceTree = "<group>";
		};
		2CF7418209B9EA7400EF8406 /* InfoPlist.strings */ = {
			isa = PBXVariantGroup;
			children = (
				2C381BA91CBBDA70006416E3 /* Base */,
				2CDCE1621FE7E03C00CBD357 /* ja */,
			);
			name = InfoPlist.strings;
			sourceTree = "<group>";
		};
		2CF7418D09B9EBF200EF8406 /* InfoPlist.strings */ = {
			isa = PBXVariantGroup;
			children = (
				2C381BAE1CBBDB0C006416E3 /* Base */,
				2CDCE1641FE7E04B00CBD357 /* ja */,
			);
			name = InfoPlist.strings;
			sourceTree = "<group>";
		};
		2CF7419309B9EC4500EF8406 /* InfoPlist.strings */ = {
			isa = PBXVariantGroup;
			children = (
				2C381BBA1CBBDBCC006416E3 /* Base */,
				2CDCE1681FE7E06500CBD357 /* ja */,
			);
			name = InfoPlist.strings;
			sourceTree = "<group>";
		};
		2CF743E409B9FC6C00EF8406 /* Localizable.strings */ = {
			isa = PBXVariantGroup;
			children = (
				2C381BA21CBBD7C7006416E3 /* Base */,
				2CDCE15C1FE7DF7700CBD357 /* ja */,
			);
			name = Localizable.strings;
			sourceTree = "<group>";
		};
/* End PBXVariantGroup section */

/* Begin XCBuildConfiguration section */
		2C9E85BA104E4D8E00C5B158 /* Debug */ = {
			isa = XCBuildConfiguration;
			buildSettings = {
				CODE_SIGN_ENTITLEMENTS = "Make Hard Link to Here.entitlements";
				CODE_SIGN_IDENTITY = "Mac Developer";
				COMBINE_HIDPI_IMAGES = YES;
				COPY_PHASE_STRIP = NO;
				CURRENT_PROJECT_VERSION = 24;
				DEVELOPMENT_TEAM = 5VBC6385DN;
				ENABLE_HARDENED_RUNTIME = YES;
				FRAMEWORK_SEARCH_PATHS = "\"$(SRCROOT)/..\"";
				GCC_DYNAMIC_NO_PIC = NO;
				GCC_PRECOMPILE_PREFIX_HEADER = NO;
				GCC_PREFIX_HEADER = "";
				INCLUDED_RECURSIVE_SEARCH_PATH_SUBDIRECTORIES = MakeHardLinkToHere;
				INFOPLIST_FILE = Info.plist;
				OTHER_CFLAGS = "";
				OTHER_LDFLAGS = (
					"-framework",
					Foundation,
					"-framework",
					AppKit,
				);
				PRODUCT_BUNDLE_IDENTIFIER = "net.script-factory.MakeHardLinkToHere";
				PRODUCT_NAME = "Make Hard Link to Here";
				SKIP_INSTALL = NO;
				VERSIONING_SYSTEM = "apple-generic";
			};
			name = Debug;
		};
		2C9E85BB104E4D8E00C5B158 /* Release */ = {
			isa = XCBuildConfiguration;
			buildSettings = {
				CODE_SIGN_ENTITLEMENTS = "Make Hard Link to Here.entitlements";
				CODE_SIGN_IDENTITY = "Mac Developer";
				COMBINE_HIDPI_IMAGES = YES;
				COPY_PHASE_STRIP = YES;
				CURRENT_PROJECT_VERSION = 24;
				DEVELOPMENT_TEAM = 5VBC6385DN;
				ENABLE_HARDENED_RUNTIME = YES;
				FRAMEWORK_SEARCH_PATHS = "\"$(SRCROOT)/..\"";
				GCC_PRECOMPILE_PREFIX_HEADER = NO;
				GCC_PREFIX_HEADER = "";
				INCLUDED_RECURSIVE_SEARCH_PATH_SUBDIRECTORIES = MakeHardLinkToHere;
				INFOPLIST_FILE = Info.plist;
				OTHER_CFLAGS = "";
				OTHER_LDFLAGS = (
					"-framework",
					Foundation,
					"-framework",
					AppKit,
				);
				PRODUCT_BUNDLE_IDENTIFIER = "net.script-factory.MakeHardLinkToHere";
				PRODUCT_NAME = "Make Hard Link to Here";
				SKIP_INSTALL = NO;
				VERSIONING_SYSTEM = "apple-generic";
			};
			name = Release;
		};
		2CAB357409BE67A600A9C0EC /* Debug */ = {
			isa = XCBuildConfiguration;
			buildSettings = {
				COMBINE_HIDPI_IMAGES = YES;
				COPY_PHASE_STRIP = NO;
				GCC_DYNAMIC_NO_PIC = NO;
				GCC_GENERATE_DEBUGGING_SYMBOLS = YES;
				GCC_OPTIMIZATION_LEVEL = 0;
				PRODUCT_NAME = BuildAll;
			};
			name = Debug;
		};
		2CAB357509BE67A600A9C0EC /* Release */ = {
			isa = XCBuildConfiguration;
			buildSettings = {
				COMBINE_HIDPI_IMAGES = YES;
				COPY_PHASE_STRIP = YES;
				GCC_GENERATE_DEBUGGING_SYMBOLS = NO;
				PRODUCT_NAME = BuildAll;
			};
			name = Release;
		};
		2CF73B5A09B86EB300EF8406 /* Debug */ = {
			isa = XCBuildConfiguration;
			buildSettings = {
				CODE_SIGN_ENTITLEMENTS = "Make Alias File to Here.entitlements";
				CODE_SIGN_IDENTITY = "Mac Developer";
				COMBINE_HIDPI_IMAGES = YES;
				COPY_PHASE_STRIP = NO;
				CURRENT_PROJECT_VERSION = 24;
				DEVELOPMENT_TEAM = 5VBC6385DN;
				ENABLE_HARDENED_RUNTIME = YES;
				FRAMEWORK_SEARCH_PATHS = (
					"$(inherited)",
					"$(FRAMEWORK_SEARCH_PATHS_QUOTED_FOR_TARGET_1)",
				);
				GCC_DYNAMIC_NO_PIC = NO;
				INCLUDED_RECURSIVE_SEARCH_PATH_SUBDIRECTORIES = MakeAliasFileToHere;
				INFOPLIST_FILE = Info.plist;
				OTHER_CFLAGS = "";
				PRODUCT_BUNDLE_IDENTIFIER = "net.script-factory.MakeAliasFileToHere";
				PRODUCT_NAME = "Make Alias File to Here";
				SKIP_INSTALL = NO;
				VERSIONING_SYSTEM = "apple-generic";
				WRAPPER_EXTENSION = app;
			};
			name = Debug;
		};
		2CF73B5B09B86EB300EF8406 /* Release */ = {
			isa = XCBuildConfiguration;
			buildSettings = {
				CODE_SIGN_ENTITLEMENTS = "Make Alias File to Here.entitlements";
				CODE_SIGN_IDENTITY = "Mac Developer";
				COMBINE_HIDPI_IMAGES = YES;
				COPY_PHASE_STRIP = YES;
				CURRENT_PROJECT_VERSION = 24;
				DEVELOPMENT_TEAM = 5VBC6385DN;
				ENABLE_HARDENED_RUNTIME = YES;
				FRAMEWORK_SEARCH_PATHS = (
					"$(inherited)",
					"$(FRAMEWORK_SEARCH_PATHS_QUOTED_FOR_TARGET_1)",
				);
				INCLUDED_RECURSIVE_SEARCH_PATH_SUBDIRECTORIES = MakeAliasFileToHere;
				INFOPLIST_FILE = Info.plist;
				OTHER_CFLAGS = "";
				PRODUCT_BUNDLE_IDENTIFIER = "net.script-factory.MakeAliasFileToHere";
				PRODUCT_NAME = "Make Alias File to Here";
				SKIP_INSTALL = NO;
				VERSIONING_SYSTEM = "apple-generic";
				WRAPPER_EXTENSION = app;
			};
			name = Release;
		};
		2CF73DC109B88D4D00EF8406 /* Debug */ = {
			isa = XCBuildConfiguration;
			buildSettings = {
				CODE_SIGN_ENTITLEMENTS = "Move to Here.entitlements";
				CODE_SIGN_IDENTITY = "Mac Developer";
				COMBINE_HIDPI_IMAGES = YES;
				CURRENT_PROJECT_VERSION = 24;
				DEVELOPMENT_TEAM = 5VBC6385DN;
				ENABLE_HARDENED_RUNTIME = YES;
				FRAMEWORK_SEARCH_PATHS = (
					"$(inherited)",
					"$(FRAMEWORK_SEARCH_PATHS_QUOTED_FOR_TARGET_1)",
				);
				GCC_DYNAMIC_NO_PIC = NO;
				INCLUDED_RECURSIVE_SEARCH_PATH_SUBDIRECTORIES = MoveToHere;
				INFOPLIST_FILE = Info.plist;
				OTHER_CFLAGS = "";
				PRODUCT_BUNDLE_IDENTIFIER = "net.script-factory.MoveToHere";
				PRODUCT_NAME = "Move to Here";
				SKIP_INSTALL = NO;
				VERSIONING_SYSTEM = "apple-generic";
			};
			name = Debug;
		};
		2CF73DC209B88D4D00EF8406 /* Release */ = {
			isa = XCBuildConfiguration;
			buildSettings = {
				CODE_SIGN_ENTITLEMENTS = "Move to Here.entitlements";
				CODE_SIGN_IDENTITY = "Mac Developer";
				COMBINE_HIDPI_IMAGES = YES;
				CURRENT_PROJECT_VERSION = 24;
				DEVELOPMENT_TEAM = 5VBC6385DN;
				ENABLE_HARDENED_RUNTIME = YES;
				FRAMEWORK_SEARCH_PATHS = (
					"$(inherited)",
					"$(FRAMEWORK_SEARCH_PATHS_QUOTED_FOR_TARGET_1)",
				);
				INCLUDED_RECURSIVE_SEARCH_PATH_SUBDIRECTORIES = MoveToHere;
				INFOPLIST_FILE = Info.plist;
				OTHER_CFLAGS = "";
				PRODUCT_BUNDLE_IDENTIFIER = "net.script-factory.MoveToHere";
				PRODUCT_NAME = "Move to Here";
				SKIP_INSTALL = NO;
				VERSIONING_SYSTEM = "apple-generic";
			};
			name = Release;
		};
		2CF73E2C09B8971D00EF8406 /* Debug */ = {
			isa = XCBuildConfiguration;
			buildSettings = {
				CODE_SIGN_ENTITLEMENTS = "Copy to Here.entitlements";
				CODE_SIGN_IDENTITY = "Mac Developer";
				COMBINE_HIDPI_IMAGES = YES;
				CURRENT_PROJECT_VERSION = 24;
				DEVELOPMENT_TEAM = 5VBC6385DN;
				ENABLE_HARDENED_RUNTIME = YES;
				FRAMEWORK_SEARCH_PATHS = (
					"$(inherited)",
					"$(FRAMEWORK_SEARCH_PATHS_QUOTED_FOR_TARGET_1)",
				);
				GCC_DYNAMIC_NO_PIC = NO;
				INCLUDED_RECURSIVE_SEARCH_PATH_SUBDIRECTORIES = CopyToHere;
				INFOPLIST_FILE = Info.plist;
				PRODUCT_BUNDLE_IDENTIFIER = "net.script-factory.CopyToHere";
				PRODUCT_NAME = "Copy to Here";
				SKIP_INSTALL = NO;
				VERSIONING_SYSTEM = "apple-generic";
			};
			name = Debug;
		};
		2CF73E2D09B8971D00EF8406 /* Release */ = {
			isa = XCBuildConfiguration;
			buildSettings = {
				CODE_SIGN_ENTITLEMENTS = "Copy to Here.entitlements";
				CODE_SIGN_IDENTITY = "Mac Developer";
				COMBINE_HIDPI_IMAGES = YES;
				CURRENT_PROJECT_VERSION = 24;
				DEVELOPMENT_TEAM = 5VBC6385DN;
				ENABLE_HARDENED_RUNTIME = YES;
				FRAMEWORK_SEARCH_PATHS = (
					"$(inherited)",
					"$(FRAMEWORK_SEARCH_PATHS_QUOTED_FOR_TARGET_1)",
				);
				INCLUDED_RECURSIVE_SEARCH_PATH_SUBDIRECTORIES = CopyToHere;
				INFOPLIST_FILE = Info.plist;
				PRODUCT_BUNDLE_IDENTIFIER = "net.script-factory.CopyToHere";
				PRODUCT_NAME = "Copy to Here";
				SKIP_INSTALL = NO;
				VERSIONING_SYSTEM = "apple-generic";
			};
			name = Release;
		};
		2CF73E8A09B8997400EF8406 /* Debug */ = {
			isa = XCBuildConfiguration;
			buildSettings = {
				CODE_SIGN_ENTITLEMENTS = "Make Symbolic Link to Here.entitlements";
				CODE_SIGN_IDENTITY = "Mac Developer";
				COMBINE_HIDPI_IMAGES = YES;
				COPY_PHASE_STRIP = NO;
				CURRENT_PROJECT_VERSION = 24;
				DEVELOPMENT_TEAM = 5VBC6385DN;
				ENABLE_HARDENED_RUNTIME = YES;
				FRAMEWORK_SEARCH_PATHS = (
					"$(inherited)",
					"$(FRAMEWORK_SEARCH_PATHS_QUOTED_FOR_TARGET_1)",
				);
				GCC_DYNAMIC_NO_PIC = NO;
				INCLUDED_RECURSIVE_SEARCH_PATH_SUBDIRECTORIES = MakeSymbolicLinkToHere;
				INFOPLIST_FILE = Info.plist;
				OTHER_CFLAGS = "";
				PRODUCT_BUNDLE_IDENTIFIER = "net.script-factpry.MakeSymbolicLinkToHere";
				PRODUCT_NAME = "Make Symbolic Link to Here";
				SKIP_INSTALL = NO;
				VERSIONING_SYSTEM = "apple-generic";
			};
			name = Debug;
		};
		2CF73E8B09B8997400EF8406 /* Release */ = {
			isa = XCBuildConfiguration;
			buildSettings = {
				CODE_SIGN_ENTITLEMENTS = "Make Symbolic Link to Here.entitlements";
				CODE_SIGN_IDENTITY = "Mac Developer";
				COMBINE_HIDPI_IMAGES = YES;
				COPY_PHASE_STRIP = YES;
				CURRENT_PROJECT_VERSION = 24;
				DEVELOPMENT_TEAM = 5VBC6385DN;
				ENABLE_HARDENED_RUNTIME = YES;
				FRAMEWORK_SEARCH_PATHS = (
					"$(inherited)",
					"$(FRAMEWORK_SEARCH_PATHS_QUOTED_FOR_TARGET_1)",
				);
				INCLUDED_RECURSIVE_SEARCH_PATH_SUBDIRECTORIES = MakeSymbolicLinkToHere;
				INFOPLIST_FILE = Info.plist;
				OTHER_CFLAGS = "";
				PRODUCT_BUNDLE_IDENTIFIER = "net.script-factpry.MakeSymbolicLinkToHere";
				PRODUCT_NAME = "Make Symbolic Link to Here";
				SKIP_INSTALL = NO;
				VERSIONING_SYSTEM = "apple-generic";
			};
			name = Release;
		};
		4E71A80A08A2C90C0034BBD9 /* Debug */ = {
			isa = XCBuildConfiguration;
			buildSettings = {
				ALWAYS_SEARCH_USER_PATHS = NO;
				CLANG_ANALYZER_LOCALIZABILITY_NONLOCALIZED = YES;
				CLANG_ENABLE_OBJC_ARC = YES;
				CLANG_WARN_BLOCK_CAPTURE_AUTORELEASING = YES;
				CLANG_WARN_BOOL_CONVERSION = YES;
				CLANG_WARN_COMMA = YES;
				CLANG_WARN_CONSTANT_CONVERSION = YES;
				CLANG_WARN_DEPRECATED_OBJC_IMPLEMENTATIONS = YES;
				CLANG_WARN_EMPTY_BODY = YES;
				CLANG_WARN_ENUM_CONVERSION = YES;
				CLANG_WARN_INFINITE_RECURSION = YES;
				CLANG_WARN_INT_CONVERSION = YES;
				CLANG_WARN_NON_LITERAL_NULL_CONVERSION = YES;
				CLANG_WARN_OBJC_IMPLICIT_RETAIN_SELF = YES;
				CLANG_WARN_OBJC_LITERAL_CONVERSION = YES;
				CLANG_WARN_RANGE_LOOP_ANALYSIS = YES;
				CLANG_WARN_STRICT_PROTOTYPES = YES;
				CLANG_WARN_SUSPICIOUS_MOVE = YES;
				CLANG_WARN_UNREACHABLE_CODE = YES;
				CLANG_WARN__DUPLICATE_METHOD_MATCH = YES;
				COPYRIGHT = "Copyright 1999-2020, Kurita Tetsuro";
				ENABLE_STRICT_OBJC_MSGSEND = YES;
				ENABLE_TESTABILITY = YES;
				EXCLUDED_RECURSIVE_SEARCH_PATH_SUBDIRECTORIES = "*ToHere *.nib *.lproj *.framework *.gch *.xcode* (*) CVS .svn";
				GCC_C_LANGUAGE_STANDARD = c99;
				GCC_NO_COMMON_BLOCKS = YES;
				GCC_OPTIMIZATION_LEVEL = 0;
				GCC_WARN_64_TO_32_BIT_CONVERSION = YES;
				GCC_WARN_ABOUT_RETURN_TYPE = YES;
				GCC_WARN_UNDECLARED_SELECTOR = YES;
				GCC_WARN_UNINITIALIZED_AUTOS = YES;
				GCC_WARN_UNUSED_FUNCTION = YES;
				GCC_WARN_UNUSED_VARIABLE = YES;
				INSTALL_PATH = /Applications/FileClipper;
				MACOSX_DEPLOYMENT_TARGET = 10.8;
				ONLY_ACTIVE_ARCH = YES;
				PRODUCT_VERSION = 3.1.4;
				SDKROOT = macosx;
			};
			name = Debug;
		};
		4E71A80B08A2C90C0034BBD9 /* Release */ = {
			isa = XCBuildConfiguration;
			buildSettings = {
				ALWAYS_SEARCH_USER_PATHS = NO;
				CLANG_ANALYZER_LOCALIZABILITY_NONLOCALIZED = YES;
				CLANG_ENABLE_OBJC_ARC = YES;
				CLANG_WARN_BLOCK_CAPTURE_AUTORELEASING = YES;
				CLANG_WARN_BOOL_CONVERSION = YES;
				CLANG_WARN_COMMA = YES;
				CLANG_WARN_CONSTANT_CONVERSION = YES;
				CLANG_WARN_DEPRECATED_OBJC_IMPLEMENTATIONS = YES;
				CLANG_WARN_EMPTY_BODY = YES;
				CLANG_WARN_ENUM_CONVERSION = YES;
				CLANG_WARN_INFINITE_RECURSION = YES;
				CLANG_WARN_INT_CONVERSION = YES;
				CLANG_WARN_NON_LITERAL_NULL_CONVERSION = YES;
				CLANG_WARN_OBJC_IMPLICIT_RETAIN_SELF = YES;
				CLANG_WARN_OBJC_LITERAL_CONVERSION = YES;
				CLANG_WARN_RANGE_LOOP_ANALYSIS = YES;
				CLANG_WARN_STRICT_PROTOTYPES = YES;
				CLANG_WARN_SUSPICIOUS_MOVE = YES;
				CLANG_WARN_UNREACHABLE_CODE = YES;
				CLANG_WARN__DUPLICATE_METHOD_MATCH = YES;
				COPYRIGHT = "Copyright 1999-2020, Kurita Tetsuro";
				ENABLE_STRICT_OBJC_MSGSEND = YES;
				EXCLUDED_RECURSIVE_SEARCH_PATH_SUBDIRECTORIES = "*ToHere *.nib *.lproj *.framework *.gch *.xcode* (*) CVS .svn";
				GCC_C_LANGUAGE_STANDARD = c99;
				GCC_GENERATE_DEBUGGING_SYMBOLS = NO;
				GCC_NO_COMMON_BLOCKS = YES;
				GCC_WARN_64_TO_32_BIT_CONVERSION = YES;
				GCC_WARN_ABOUT_RETURN_TYPE = YES;
				GCC_WARN_UNDECLARED_SELECTOR = YES;
				GCC_WARN_UNINITIALIZED_AUTOS = YES;
				GCC_WARN_UNUSED_FUNCTION = YES;
				GCC_WARN_UNUSED_VARIABLE = YES;
				INSTALL_PATH = /Applications/FileClipper;
				MACOSX_DEPLOYMENT_TARGET = 10.8;
				PRODUCT_VERSION = 3.1.4;
				SDKROOT = macosx;
			};
			name = Release;
		};
/* End XCBuildConfiguration section */

/* Begin XCConfigurationList section */
		2C9E85BC104E4D8E00C5B158 /* Build configuration list for PBXNativeTarget "Make Hard Link to Here" */ = {
			isa = XCConfigurationList;
			buildConfigurations = (
				2C9E85BA104E4D8E00C5B158 /* Debug */,
				2C9E85BB104E4D8E00C5B158 /* Release */,
			);
			defaultConfigurationIsVisible = 0;
			defaultConfigurationName = Release;
		};
		2CAB357309BE67A600A9C0EC /* Build configuration list for PBXAggregateTarget "BuildAll" */ = {
			isa = XCConfigurationList;
			buildConfigurations = (
				2CAB357409BE67A600A9C0EC /* Debug */,
				2CAB357509BE67A600A9C0EC /* Release */,
			);
			defaultConfigurationIsVisible = 0;
			defaultConfigurationName = Release;
		};
		2CF73B5909B86EB300EF8406 /* Build configuration list for PBXNativeTarget "Make Alias File to Here" */ = {
			isa = XCConfigurationList;
			buildConfigurations = (
				2CF73B5A09B86EB300EF8406 /* Debug */,
				2CF73B5B09B86EB300EF8406 /* Release */,
			);
			defaultConfigurationIsVisible = 0;
			defaultConfigurationName = Release;
		};
		2CF73DC009B88D4D00EF8406 /* Build configuration list for PBXNativeTarget "Move to Here" */ = {
			isa = XCConfigurationList;
			buildConfigurations = (
				2CF73DC109B88D4D00EF8406 /* Debug */,
				2CF73DC209B88D4D00EF8406 /* Release */,
			);
			defaultConfigurationIsVisible = 0;
			defaultConfigurationName = Release;
		};
		2CF73E2B09B8971D00EF8406 /* Build configuration list for PBXNativeTarget "Copy to Here" */ = {
			isa = XCConfigurationList;
			buildConfigurations = (
				2CF73E2C09B8971D00EF8406 /* Debug */,
				2CF73E2D09B8971D00EF8406 /* Release */,
			);
			defaultConfigurationIsVisible = 0;
			defaultConfigurationName = Release;
		};
		2CF73E8909B8997400EF8406 /* Build configuration list for PBXNativeTarget "Make Symbolic Link to Here" */ = {
			isa = XCConfigurationList;
			buildConfigurations = (
				2CF73E8A09B8997400EF8406 /* Debug */,
				2CF73E8B09B8997400EF8406 /* Release */,
			);
			defaultConfigurationIsVisible = 0;
			defaultConfigurationName = Release;
		};
		4E71A80908A2C90C0034BBD9 /* Build configuration list for PBXProject "FileClipper" */ = {
			isa = XCConfigurationList;
			buildConfigurations = (
				4E71A80A08A2C90C0034BBD9 /* Debug */,
				4E71A80B08A2C90C0034BBD9 /* Release */,
			);
			defaultConfigurationIsVisible = 0;
			defaultConfigurationName = Release;
		};
/* End XCConfigurationList section */
	};
	rootObject = 29B97313FDCFA39411CA2CEA /* Project object */;
}
